// !$*UTF8*$!
{
	archiveVersion = 1;
	classes = {
	};
	objectVersion = 55;
	objects = {

/* Begin PBXBuildFile section */
		0C8FF7FA28C4E10D0094465D /* VenueModel.swift in Sources */ = {isa = PBXBuildFile; fileRef = 0C8FF7F928C4E10D0094465D /* VenueModel.swift */; };
		0CAF6B4628C84A59003EFF26 /* CustomMapAnnotationView.swift in Sources */ = {isa = PBXBuildFile; fileRef = 0CAF6B4528C84A59003EFF26 /* CustomMapAnnotationView.swift */; };
		0CAF6B4828C87716003EFF26 /* VenuePreviewView.swift in Sources */ = {isa = PBXBuildFile; fileRef = 0CAF6B4728C87715003EFF26 /* VenuePreviewView.swift */; };
		241A6EB128BDCD1300C830BE /* SporterApp.swift in Sources */ = {isa = PBXBuildFile; fileRef = 241A6EB028BDCD1300C830BE /* SporterApp.swift */; };
		241A6EB528BDCD1600C830BE /* Assets.xcassets in Resources */ = {isa = PBXBuildFile; fileRef = 241A6EB428BDCD1600C830BE /* Assets.xcassets */; };
		241A6EB828BDCD1600C830BE /* Preview Assets.xcassets in Resources */ = {isa = PBXBuildFile; fileRef = 241A6EB728BDCD1600C830BE /* Preview Assets.xcassets */; };
		241A6ECD28BDD12A00C830BE /* Lottie.swift in Sources */ = {isa = PBXBuildFile; fileRef = 241A6ECC28BDD12A00C830BE /* Lottie.swift */; };
		241A6ED028BDD31E00C830BE /* Lottie in Frameworks */ = {isa = PBXBuildFile; productRef = 241A6ECF28BDD31E00C830BE /* Lottie */; };
		241A6F0B28BDFDA400C830BE /* AuthView.swift in Sources */ = {isa = PBXBuildFile; fileRef = 241A6F0A28BDFDA400C830BE /* AuthView.swift */; };
		241CEB2A28C751300017CD72 /* sporter.json in Resources */ = {isa = PBXBuildFile; fileRef = 241CEB2928C751300017CD72 /* sporter.json */; };
		24282C1A28BE032C00CDFE61 /* GoogleService-Info.plist in Resources */ = {isa = PBXBuildFile; fileRef = 24282C1928BE032C00CDFE61 /* GoogleService-Info.plist */; };
		246B09B628BE0BE8007B7070 /* FirebaseAnalytics in Frameworks */ = {isa = PBXBuildFile; productRef = 246B09B528BE0BE8007B7070 /* FirebaseAnalytics */; };
		246B09B828BE0BE8007B7070 /* FirebaseAnalyticsOnDeviceConversion in Frameworks */ = {isa = PBXBuildFile; productRef = 246B09B728BE0BE8007B7070 /* FirebaseAnalyticsOnDeviceConversion */; };
		246B09BA28BE0BE8007B7070 /* FirebaseAnalyticsSwift in Frameworks */ = {isa = PBXBuildFile; productRef = 246B09B928BE0BE8007B7070 /* FirebaseAnalyticsSwift */; };
		246B09BC28BE0BE8007B7070 /* FirebaseAnalyticsWithoutAdIdSupport in Frameworks */ = {isa = PBXBuildFile; productRef = 246B09BB28BE0BE8007B7070 /* FirebaseAnalyticsWithoutAdIdSupport */; };
		246B09BE28BE0BE8007B7070 /* FirebaseAppCheck in Frameworks */ = {isa = PBXBuildFile; productRef = 246B09BD28BE0BE8007B7070 /* FirebaseAppCheck */; };
		246B09C028BE0BE8007B7070 /* FirebaseAppDistribution-Beta in Frameworks */ = {isa = PBXBuildFile; productRef = 246B09BF28BE0BE8007B7070 /* FirebaseAppDistribution-Beta */; };
		246B09C228BE0BE8007B7070 /* FirebaseAuth in Frameworks */ = {isa = PBXBuildFile; productRef = 246B09C128BE0BE8007B7070 /* FirebaseAuth */; };
		246B09C428BE0BE8007B7070 /* FirebaseAuthCombine-Community in Frameworks */ = {isa = PBXBuildFile; productRef = 246B09C328BE0BE8007B7070 /* FirebaseAuthCombine-Community */; };
		246B09C628BE0BE8007B7070 /* FirebaseCrashlytics in Frameworks */ = {isa = PBXBuildFile; productRef = 246B09C528BE0BE8007B7070 /* FirebaseCrashlytics */; };
		246B09C828BE0BE8007B7070 /* FirebaseDatabase in Frameworks */ = {isa = PBXBuildFile; productRef = 246B09C728BE0BE8007B7070 /* FirebaseDatabase */; };
		246B09CA28BE0BE8007B7070 /* FirebaseDatabaseSwift in Frameworks */ = {isa = PBXBuildFile; productRef = 246B09C928BE0BE8007B7070 /* FirebaseDatabaseSwift */; };
		246B09CC28BE0BE8007B7070 /* FirebaseDynamicLinks in Frameworks */ = {isa = PBXBuildFile; productRef = 246B09CB28BE0BE8007B7070 /* FirebaseDynamicLinks */; };
		246B09CE28BE0BE8007B7070 /* FirebaseFirestore in Frameworks */ = {isa = PBXBuildFile; productRef = 246B09CD28BE0BE8007B7070 /* FirebaseFirestore */; };
		246B09D028BE0BE8007B7070 /* FirebaseFirestoreCombine-Community in Frameworks */ = {isa = PBXBuildFile; productRef = 246B09CF28BE0BE8007B7070 /* FirebaseFirestoreCombine-Community */; };
		246B09D228BE0BE8007B7070 /* FirebaseFirestoreSwift in Frameworks */ = {isa = PBXBuildFile; productRef = 246B09D128BE0BE8007B7070 /* FirebaseFirestoreSwift */; };
		246B09D428BE0BE8007B7070 /* FirebaseFunctions in Frameworks */ = {isa = PBXBuildFile; productRef = 246B09D328BE0BE8007B7070 /* FirebaseFunctions */; };
		246B09D628BE0BE8007B7070 /* FirebaseFunctionsCombine-Community in Frameworks */ = {isa = PBXBuildFile; productRef = 246B09D528BE0BE8007B7070 /* FirebaseFunctionsCombine-Community */; };
		246B09D828BE0BE8007B7070 /* FirebaseInAppMessaging-Beta in Frameworks */ = {isa = PBXBuildFile; productRef = 246B09D728BE0BE8007B7070 /* FirebaseInAppMessaging-Beta */; };
		246B09DA28BE0BE8007B7070 /* FirebaseInAppMessagingSwift-Beta in Frameworks */ = {isa = PBXBuildFile; productRef = 246B09D928BE0BE8007B7070 /* FirebaseInAppMessagingSwift-Beta */; };
		246B09DC28BE0BE8007B7070 /* FirebaseInstallations in Frameworks */ = {isa = PBXBuildFile; productRef = 246B09DB28BE0BE8007B7070 /* FirebaseInstallations */; };
		246B09DE28BE0BE8007B7070 /* FirebaseMLModelDownloader in Frameworks */ = {isa = PBXBuildFile; productRef = 246B09DD28BE0BE8007B7070 /* FirebaseMLModelDownloader */; };
		246B09E028BE0BE8007B7070 /* FirebaseMessaging in Frameworks */ = {isa = PBXBuildFile; productRef = 246B09DF28BE0BE8007B7070 /* FirebaseMessaging */; };
		246B09E228BE0BE8007B7070 /* FirebasePerformance in Frameworks */ = {isa = PBXBuildFile; productRef = 246B09E128BE0BE8007B7070 /* FirebasePerformance */; };
		246B09E428BE0BE8007B7070 /* FirebaseRemoteConfig in Frameworks */ = {isa = PBXBuildFile; productRef = 246B09E328BE0BE8007B7070 /* FirebaseRemoteConfig */; };
		246B09E628BE0BE8007B7070 /* FirebaseRemoteConfigSwift in Frameworks */ = {isa = PBXBuildFile; productRef = 246B09E528BE0BE8007B7070 /* FirebaseRemoteConfigSwift */; };
		246B09E828BE0BE8007B7070 /* FirebaseStorage in Frameworks */ = {isa = PBXBuildFile; productRef = 246B09E728BE0BE8007B7070 /* FirebaseStorage */; };
		246B09EA28BE0BE8007B7070 /* FirebaseStorageCombine-Community in Frameworks */ = {isa = PBXBuildFile; productRef = 246B09E928BE0BE8007B7070 /* FirebaseStorageCombine-Community */; };
		246B09ED28BE17C6007B7070 /* UserRepository.swift in Sources */ = {isa = PBXBuildFile; fileRef = 246B09EC28BE17C6007B7070 /* UserRepository.swift */; };
		246B09EF28BE17DC007B7070 /* VenueRepository.swift in Sources */ = {isa = PBXBuildFile; fileRef = 246B09EE28BE17DC007B7070 /* VenueRepository.swift */; };
		246B09F328BE1847007B7070 /* UserModel.swift in Sources */ = {isa = PBXBuildFile; fileRef = 246B09F228BE1847007B7070 /* UserModel.swift */; };
		246B09F728BFB9EA007B7070 /* LaunchView.swift in Sources */ = {isa = PBXBuildFile; fileRef = 246B09F628BFB9E9007B7070 /* LaunchView.swift */; };
		246B09F928BFBA7B007B7070 /* HomeView.swift in Sources */ = {isa = PBXBuildFile; fileRef = 246B09F828BFBA7B007B7070 /* HomeView.swift */; };
		246B09FB28BFBACA007B7070 /* MapView.swift in Sources */ = {isa = PBXBuildFile; fileRef = 246B09FA28BFBACA007B7070 /* MapView.swift */; };
		246B09FF28BFBC1E007B7070 /* Color.swift in Sources */ = {isa = PBXBuildFile; fileRef = 246B09FE28BFBC1E007B7070 /* Color.swift */; };
		2489E39028C85BDE00642E54 /* CardUser.swift in Sources */ = {isa = PBXBuildFile; fileRef = 2489E38F28C85BDE00642E54 /* CardUser.swift */; };
		2489E39428C85C0100642E54 /* DiscoveryView.swift in Sources */ = {isa = PBXBuildFile; fileRef = 2489E39328C85C0100642E54 /* DiscoveryView.swift */; };
		2489E39628C85C0700642E54 /* StackCardView.swift in Sources */ = {isa = PBXBuildFile; fileRef = 2489E39528C85C0600642E54 /* StackCardView.swift */; };
		2493A5CB28C8658C0055F8D2 /* MapViewModel.swift in Sources */ = {isa = PBXBuildFile; fileRef = 2493A5C828C8658C0055F8D2 /* MapViewModel.swift */; };
		2493A5CC28C8658C0055F8D2 /* CardViewModel.swift in Sources */ = {isa = PBXBuildFile; fileRef = 2493A5C928C8658C0055F8D2 /* CardViewModel.swift */; };
		2493A5CD28C8658C0055F8D2 /* VenueViewModel.swift in Sources */ = {isa = PBXBuildFile; fileRef = 2493A5CA28C8658C0055F8D2 /* VenueViewModel.swift */; };
/* End PBXBuildFile section */

/* Begin PBXFileReference section */
		0C8FF7F928C4E10D0094465D /* VenueModel.swift */ = {isa = PBXFileReference; lastKnownFileType = sourcecode.swift; path = VenueModel.swift; sourceTree = "<group>"; };
		0CAF6B4528C84A59003EFF26 /* CustomMapAnnotationView.swift */ = {isa = PBXFileReference; lastKnownFileType = sourcecode.swift; path = CustomMapAnnotationView.swift; sourceTree = "<group>"; };
		0CAF6B4728C87715003EFF26 /* VenuePreviewView.swift */ = {isa = PBXFileReference; lastKnownFileType = sourcecode.swift; path = VenuePreviewView.swift; sourceTree = "<group>"; };
		241A6EAD28BDCD1300C830BE /* Sporter.app */ = {isa = PBXFileReference; explicitFileType = wrapper.application; includeInIndex = 0; path = Sporter.app; sourceTree = BUILT_PRODUCTS_DIR; };
		241A6EB028BDCD1300C830BE /* SporterApp.swift */ = {isa = PBXFileReference; lastKnownFileType = sourcecode.swift; path = SporterApp.swift; sourceTree = "<group>"; };
		241A6EB428BDCD1600C830BE /* Assets.xcassets */ = {isa = PBXFileReference; lastKnownFileType = folder.assetcatalog; path = Assets.xcassets; sourceTree = "<group>"; };
		241A6EB728BDCD1600C830BE /* Preview Assets.xcassets */ = {isa = PBXFileReference; lastKnownFileType = folder.assetcatalog; path = "Preview Assets.xcassets"; sourceTree = "<group>"; };
		241A6ECC28BDD12A00C830BE /* Lottie.swift */ = {isa = PBXFileReference; lastKnownFileType = sourcecode.swift; path = Lottie.swift; sourceTree = "<group>"; };
		241A6F0A28BDFDA400C830BE /* AuthView.swift */ = {isa = PBXFileReference; lastKnownFileType = sourcecode.swift; path = AuthView.swift; sourceTree = "<group>"; };
		241CEB2928C751300017CD72 /* sporter.json */ = {isa = PBXFileReference; fileEncoding = 4; lastKnownFileType = text.json; path = sporter.json; sourceTree = "<group>"; };
		24282C1928BE032C00CDFE61 /* GoogleService-Info.plist */ = {isa = PBXFileReference; fileEncoding = 4; lastKnownFileType = text.plist.xml; path = "GoogleService-Info.plist"; sourceTree = "<group>"; };
		246B09EC28BE17C6007B7070 /* UserRepository.swift */ = {isa = PBXFileReference; lastKnownFileType = sourcecode.swift; path = UserRepository.swift; sourceTree = "<group>"; };
		246B09EE28BE17DC007B7070 /* VenueRepository.swift */ = {isa = PBXFileReference; lastKnownFileType = sourcecode.swift; path = VenueRepository.swift; sourceTree = "<group>"; };
		246B09F228BE1847007B7070 /* UserModel.swift */ = {isa = PBXFileReference; lastKnownFileType = sourcecode.swift; path = UserModel.swift; sourceTree = "<group>"; };
		246B09F628BFB9E9007B7070 /* LaunchView.swift */ = {isa = PBXFileReference; lastKnownFileType = sourcecode.swift; path = LaunchView.swift; sourceTree = "<group>"; };
		246B09F828BFBA7B007B7070 /* HomeView.swift */ = {isa = PBXFileReference; lastKnownFileType = sourcecode.swift; path = HomeView.swift; sourceTree = "<group>"; };
		246B09FA28BFBACA007B7070 /* MapView.swift */ = {isa = PBXFileReference; lastKnownFileType = sourcecode.swift; path = MapView.swift; sourceTree = "<group>"; };
		246B09FE28BFBC1E007B7070 /* Color.swift */ = {isa = PBXFileReference; lastKnownFileType = sourcecode.swift; path = Color.swift; sourceTree = "<group>"; };
		2489E38F28C85BDE00642E54 /* CardUser.swift */ = {isa = PBXFileReference; fileEncoding = 4; lastKnownFileType = sourcecode.swift; path = CardUser.swift; sourceTree = "<group>"; };
		2489E39328C85C0100642E54 /* DiscoveryView.swift */ = {isa = PBXFileReference; fileEncoding = 4; lastKnownFileType = sourcecode.swift; path = DiscoveryView.swift; sourceTree = "<group>"; };
		2489E39528C85C0600642E54 /* StackCardView.swift */ = {isa = PBXFileReference; fileEncoding = 4; lastKnownFileType = sourcecode.swift; path = StackCardView.swift; sourceTree = "<group>"; };
		2493A5C828C8658C0055F8D2 /* MapViewModel.swift */ = {isa = PBXFileReference; fileEncoding = 4; lastKnownFileType = sourcecode.swift; path = MapViewModel.swift; sourceTree = "<group>"; };
		2493A5C928C8658C0055F8D2 /* CardViewModel.swift */ = {isa = PBXFileReference; fileEncoding = 4; lastKnownFileType = sourcecode.swift; path = CardViewModel.swift; sourceTree = "<group>"; };
		2493A5CA28C8658C0055F8D2 /* VenueViewModel.swift */ = {isa = PBXFileReference; fileEncoding = 4; lastKnownFileType = sourcecode.swift; path = VenueViewModel.swift; sourceTree = "<group>"; };
/* End PBXFileReference section */

/* Begin PBXFrameworksBuildPhase section */
		241A6EAA28BDCD1300C830BE /* Frameworks */ = {
			isa = PBXFrameworksBuildPhase;
			buildActionMask = 2147483647;
			files = (
				246B09D428BE0BE8007B7070 /* FirebaseFunctions in Frameworks */,
				246B09CA28BE0BE8007B7070 /* FirebaseDatabaseSwift in Frameworks */,
				246B09DA28BE0BE8007B7070 /* FirebaseInAppMessagingSwift-Beta in Frameworks */,
				246B09E028BE0BE8007B7070 /* FirebaseMessaging in Frameworks */,
				246B09C028BE0BE8007B7070 /* FirebaseAppDistribution-Beta in Frameworks */,
				246B09C428BE0BE8007B7070 /* FirebaseAuthCombine-Community in Frameworks */,
				246B09D028BE0BE8007B7070 /* FirebaseFirestoreCombine-Community in Frameworks */,
				246B09BA28BE0BE8007B7070 /* FirebaseAnalyticsSwift in Frameworks */,
				246B09DE28BE0BE8007B7070 /* FirebaseMLModelDownloader in Frameworks */,
				246B09BC28BE0BE8007B7070 /* FirebaseAnalyticsWithoutAdIdSupport in Frameworks */,
				246B09B628BE0BE8007B7070 /* FirebaseAnalytics in Frameworks */,
				246B09D228BE0BE8007B7070 /* FirebaseFirestoreSwift in Frameworks */,
				246B09B828BE0BE8007B7070 /* FirebaseAnalyticsOnDeviceConversion in Frameworks */,
				246B09BE28BE0BE8007B7070 /* FirebaseAppCheck in Frameworks */,
				246B09E228BE0BE8007B7070 /* FirebasePerformance in Frameworks */,
				246B09D828BE0BE8007B7070 /* FirebaseInAppMessaging-Beta in Frameworks */,
				246B09D628BE0BE8007B7070 /* FirebaseFunctionsCombine-Community in Frameworks */,
				246B09C628BE0BE8007B7070 /* FirebaseCrashlytics in Frameworks */,
				246B09DC28BE0BE8007B7070 /* FirebaseInstallations in Frameworks */,
				246B09E428BE0BE8007B7070 /* FirebaseRemoteConfig in Frameworks */,
				246B09E828BE0BE8007B7070 /* FirebaseStorage in Frameworks */,
				246B09C828BE0BE8007B7070 /* FirebaseDatabase in Frameworks */,
				246B09EA28BE0BE8007B7070 /* FirebaseStorageCombine-Community in Frameworks */,
				241A6ED028BDD31E00C830BE /* Lottie in Frameworks */,
				246B09C228BE0BE8007B7070 /* FirebaseAuth in Frameworks */,
				246B09CC28BE0BE8007B7070 /* FirebaseDynamicLinks in Frameworks */,
				246B09CE28BE0BE8007B7070 /* FirebaseFirestore in Frameworks */,
				246B09E628BE0BE8007B7070 /* FirebaseRemoteConfigSwift in Frameworks */,
			);
			runOnlyForDeploymentPostprocessing = 0;
		};
/* End PBXFrameworksBuildPhase section */

/* Begin PBXGroup section */
		0CAF6B4428C84A3D003EFF26 /* MapView */ = {
			isa = PBXGroup;
			children = (
				0CAF6B4528C84A59003EFF26 /* CustomMapAnnotationView.swift */,
				0CAF6B4728C87715003EFF26 /* VenuePreviewView.swift */,
			);
			path = MapView;
			sourceTree = "<group>";
		};
		241A6EA428BDCD1300C830BE = {
			isa = PBXGroup;
			children = (
				241A6EAF28BDCD1300C830BE /* Sporter */,
				241A6EAE28BDCD1300C830BE /* Products */,
			);
			sourceTree = "<group>";
		};
		241A6EAE28BDCD1300C830BE /* Products */ = {
			isa = PBXGroup;
			children = (
				241A6EAD28BDCD1300C830BE /* Sporter.app */,
			);
			name = Products;
			sourceTree = "<group>";
		};
		241A6EAF28BDCD1300C830BE /* Sporter */ = {
			isa = PBXGroup;
			children = (
				24282C1928BE032C00CDFE61 /* GoogleService-Info.plist */,
				241A6EB028BDCD1300C830BE /* SporterApp.swift */,
				241A6EB428BDCD1600C830BE /* Assets.xcassets */,
				241A6EC428BDCFAF00C830BE /* Components */,
				246B09F528BE1B52007B7070 /* Extensions */,
				241A6EC928BDD0D600C830BE /* Managers */,
				246B09F428BE1939007B7070 /* MVVM */,
				241A6EB628BDCD1600C830BE /* Preview Content */,
				246B09EB28BE1726007B7070 /* Repositories */,
				241A6EC828BDCFDE00C830BE /* Utils */,
			);
			path = Sporter;
			sourceTree = "<group>";
		};
		241A6EB628BDCD1600C830BE /* Preview Content */ = {
			isa = PBXGroup;
			children = (
				241A6EB728BDCD1600C830BE /* Preview Assets.xcassets */,
			);
			path = "Preview Content";
			sourceTree = "<group>";
		};
		241A6EC428BDCFAF00C830BE /* Components */ = {
			isa = PBXGroup;
			children = (
				0CAF6B4428C84A3D003EFF26 /* MapView */,
				241A6ECA28BDD0FD00C830BE /* Lottie */,
			);
			path = Components;
			sourceTree = "<group>";
		};
		241A6EC528BDCFC500C830BE /* Views */ = {
			isa = PBXGroup;
			children = (
				2489E39528C85C0600642E54 /* StackCardView.swift */,
				2489E39328C85C0100642E54 /* DiscoveryView.swift */,
				241A6F0A28BDFDA400C830BE /* AuthView.swift */,
				246B09F628BFB9E9007B7070 /* LaunchView.swift */,
				246B09F828BFBA7B007B7070 /* HomeView.swift */,
				246B09FA28BFBACA007B7070 /* MapView.swift */,
			);
			path = Views;
			sourceTree = "<group>";
		};
		241A6EC628BDCFD200C830BE /* Models */ = {
			isa = PBXGroup;
			children = (
				2489E38F28C85BDE00642E54 /* CardUser.swift */,
				246B09F228BE1847007B7070 /* UserModel.swift */,
				0C8FF7F928C4E10D0094465D /* VenueModel.swift */,
			);
			path = Models;
			sourceTree = "<group>";
		};
		241A6EC828BDCFDE00C830BE /* Utils */ = {
			isa = PBXGroup;
			children = (
			);
			path = Utils;
			sourceTree = "<group>";
		};
		241A6EC928BDD0D600C830BE /* Managers */ = {
			isa = PBXGroup;
			children = (
			);
			path = Managers;
			sourceTree = "<group>";
		};
		241A6ECA28BDD0FD00C830BE /* Lottie */ = {
			isa = PBXGroup;
			children = (
				241CEB2928C751300017CD72 /* sporter.json */,
				241A6ECC28BDD12A00C830BE /* Lottie.swift */,
			);
			path = Lottie;
			sourceTree = "<group>";
		};
		246B09EB28BE1726007B7070 /* Repositories */ = {
			isa = PBXGroup;
			children = (
				246B09EC28BE17C6007B7070 /* UserRepository.swift */,
				246B09EE28BE17DC007B7070 /* VenueRepository.swift */,
			);
			path = Repositories;
			sourceTree = "<group>";
		};
		246B09F428BE1939007B7070 /* MVVM */ = {
			isa = PBXGroup;
			children = (
				241A6EC628BDCFD200C830BE /* Models */,
				2493A5C728C865720055F8D2 /* ViewModels */,
				241A6EC528BDCFC500C830BE /* Views */,
			);
			path = MVVM;
			sourceTree = "<group>";
		};
		246B09F528BE1B52007B7070 /* Extensions */ = {
			isa = PBXGroup;
			children = (
				246B09FE28BFBC1E007B7070 /* Color.swift */,
			);
			path = Extensions;
			sourceTree = "<group>";
		};
		2493A5C728C865720055F8D2 /* ViewModels */ = {
			isa = PBXGroup;
			children = (
				2493A5C928C8658C0055F8D2 /* CardViewModel.swift */,
				2493A5C828C8658C0055F8D2 /* MapViewModel.swift */,
				2493A5CA28C8658C0055F8D2 /* VenueViewModel.swift */,
			);
			path = ViewModels;
			sourceTree = "<group>";
		};
/* End PBXGroup section */

/* Begin PBXNativeTarget section */
		241A6EAC28BDCD1300C830BE /* Sporter */ = {
			isa = PBXNativeTarget;
			buildConfigurationList = 241A6EC028BDCD1600C830BE /* Build configuration list for PBXNativeTarget "Sporter" */;
			buildPhases = (
				241A6EA928BDCD1300C830BE /* Sources */,
				241A6EAA28BDCD1300C830BE /* Frameworks */,
				241A6EAB28BDCD1300C830BE /* Resources */,
			);
			buildRules = (
			);
			dependencies = (
			);
			name = Sporter;
			packageProductDependencies = (
				241A6ECF28BDD31E00C830BE /* Lottie */,
				246B09B528BE0BE8007B7070 /* FirebaseAnalytics */,
				246B09B728BE0BE8007B7070 /* FirebaseAnalyticsOnDeviceConversion */,
				246B09B928BE0BE8007B7070 /* FirebaseAnalyticsSwift */,
				246B09BB28BE0BE8007B7070 /* FirebaseAnalyticsWithoutAdIdSupport */,
				246B09BD28BE0BE8007B7070 /* FirebaseAppCheck */,
				246B09BF28BE0BE8007B7070 /* FirebaseAppDistribution-Beta */,
				246B09C128BE0BE8007B7070 /* FirebaseAuth */,
				246B09C328BE0BE8007B7070 /* FirebaseAuthCombine-Community */,
				246B09C528BE0BE8007B7070 /* FirebaseCrashlytics */,
				246B09C728BE0BE8007B7070 /* FirebaseDatabase */,
				246B09C928BE0BE8007B7070 /* FirebaseDatabaseSwift */,
				246B09CB28BE0BE8007B7070 /* FirebaseDynamicLinks */,
				246B09CD28BE0BE8007B7070 /* FirebaseFirestore */,
				246B09CF28BE0BE8007B7070 /* FirebaseFirestoreCombine-Community */,
				246B09D128BE0BE8007B7070 /* FirebaseFirestoreSwift */,
				246B09D328BE0BE8007B7070 /* FirebaseFunctions */,
				246B09D528BE0BE8007B7070 /* FirebaseFunctionsCombine-Community */,
				246B09D728BE0BE8007B7070 /* FirebaseInAppMessaging-Beta */,
				246B09D928BE0BE8007B7070 /* FirebaseInAppMessagingSwift-Beta */,
				246B09DB28BE0BE8007B7070 /* FirebaseInstallations */,
				246B09DD28BE0BE8007B7070 /* FirebaseMLModelDownloader */,
				246B09DF28BE0BE8007B7070 /* FirebaseMessaging */,
				246B09E128BE0BE8007B7070 /* FirebasePerformance */,
				246B09E328BE0BE8007B7070 /* FirebaseRemoteConfig */,
				246B09E528BE0BE8007B7070 /* FirebaseRemoteConfigSwift */,
				246B09E728BE0BE8007B7070 /* FirebaseStorage */,
				246B09E928BE0BE8007B7070 /* FirebaseStorageCombine-Community */,
			);
			productName = Sporter;
			productReference = 241A6EAD28BDCD1300C830BE /* Sporter.app */;
			productType = "com.apple.product-type.application";
		};
/* End PBXNativeTarget section */

/* Begin PBXProject section */
		241A6EA528BDCD1300C830BE /* Project object */ = {
			isa = PBXProject;
			attributes = {
				BuildIndependentTargetsInParallel = 1;
				LastSwiftUpdateCheck = 1340;
				LastUpgradeCheck = 1340;
				TargetAttributes = {
					241A6EAC28BDCD1300C830BE = {
						CreatedOnToolsVersion = 13.4.1;
					};
				};
			};
			buildConfigurationList = 241A6EA828BDCD1300C830BE /* Build configuration list for PBXProject "Sporter" */;
			compatibilityVersion = "Xcode 13.0";
			developmentRegion = en;
			hasScannedForEncodings = 0;
			knownRegions = (
				en,
				Base,
			);
			mainGroup = 241A6EA428BDCD1300C830BE;
			packageReferences = (
				241A6ECE28BDD31E00C830BE /* XCRemoteSwiftPackageReference "lottie-ios" */,
				246B09B428BE0BE8007B7070 /* XCRemoteSwiftPackageReference "firebase-ios-sdk" */,
			);
			productRefGroup = 241A6EAE28BDCD1300C830BE /* Products */;
			projectDirPath = "";
			projectRoot = "";
			targets = (
				241A6EAC28BDCD1300C830BE /* Sporter */,
			);
		};
/* End PBXProject section */

/* Begin PBXResourcesBuildPhase section */
		241A6EAB28BDCD1300C830BE /* Resources */ = {
			isa = PBXResourcesBuildPhase;
			buildActionMask = 2147483647;
			files = (
				241A6EB828BDCD1600C830BE /* Preview Assets.xcassets in Resources */,
				241A6EB528BDCD1600C830BE /* Assets.xcassets in Resources */,
				24282C1A28BE032C00CDFE61 /* GoogleService-Info.plist in Resources */,
				241CEB2A28C751300017CD72 /* sporter.json in Resources */,
			);
			runOnlyForDeploymentPostprocessing = 0;
		};
/* End PBXResourcesBuildPhase section */

/* Begin PBXSourcesBuildPhase section */
		241A6EA928BDCD1300C830BE /* Sources */ = {
			isa = PBXSourcesBuildPhase;
			buildActionMask = 2147483647;
			files = (
				241A6F0B28BDFDA400C830BE /* AuthView.swift in Sources */,
				0CAF6B4628C84A59003EFF26 /* CustomMapAnnotationView.swift in Sources */,
				2489E39028C85BDE00642E54 /* CardUser.swift in Sources */,
				246B09F728BFB9EA007B7070 /* LaunchView.swift in Sources */,
				2493A5CC28C8658C0055F8D2 /* CardViewModel.swift in Sources */,
				246B09FB28BFBACA007B7070 /* MapView.swift in Sources */,
				0C8FF7FA28C4E10D0094465D /* VenueModel.swift in Sources */,
				2489E39428C85C0100642E54 /* DiscoveryView.swift in Sources */,
				2493A5CB28C8658C0055F8D2 /* MapViewModel.swift in Sources */,
				0CAF6B4828C87716003EFF26 /* VenuePreviewView.swift in Sources */,
				246B09FF28BFBC1E007B7070 /* Color.swift in Sources */,
				246B09F928BFBA7B007B7070 /* HomeView.swift in Sources */,
				2489E39628C85C0700642E54 /* StackCardView.swift in Sources */,
				246B09EF28BE17DC007B7070 /* VenueRepository.swift in Sources */,
				246B09ED28BE17C6007B7070 /* UserRepository.swift in Sources */,
				241A6EB128BDCD1300C830BE /* SporterApp.swift in Sources */,
				246B09F328BE1847007B7070 /* UserModel.swift in Sources */,
				2493A5CD28C8658C0055F8D2 /* VenueViewModel.swift in Sources */,
				241A6ECD28BDD12A00C830BE /* Lottie.swift in Sources */,
			);
			runOnlyForDeploymentPostprocessing = 0;
		};
/* End PBXSourcesBuildPhase section */

/* Begin XCBuildConfiguration section */
		241A6EBE28BDCD1600C830BE /* Debug */ = {
			isa = XCBuildConfiguration;
			buildSettings = {
				ALWAYS_SEARCH_USER_PATHS = NO;
				CLANG_ANALYZER_NONNULL = YES;
				CLANG_ANALYZER_NUMBER_OBJECT_CONVERSION = YES_AGGRESSIVE;
				CLANG_CXX_LANGUAGE_STANDARD = "gnu++17";
				CLANG_ENABLE_MODULES = YES;
				CLANG_ENABLE_OBJC_ARC = YES;
				CLANG_ENABLE_OBJC_WEAK = YES;
				CLANG_WARN_BLOCK_CAPTURE_AUTORELEASING = YES;
				CLANG_WARN_BOOL_CONVERSION = YES;
				CLANG_WARN_COMMA = YES;
				CLANG_WARN_CONSTANT_CONVERSION = YES;
				CLANG_WARN_DEPRECATED_OBJC_IMPLEMENTATIONS = YES;
				CLANG_WARN_DIRECT_OBJC_ISA_USAGE = YES_ERROR;
				CLANG_WARN_DOCUMENTATION_COMMENTS = YES;
				CLANG_WARN_EMPTY_BODY = YES;
				CLANG_WARN_ENUM_CONVERSION = YES;
				CLANG_WARN_INFINITE_RECURSION = YES;
				CLANG_WARN_INT_CONVERSION = YES;
				CLANG_WARN_NON_LITERAL_NULL_CONVERSION = YES;
				CLANG_WARN_OBJC_IMPLICIT_RETAIN_SELF = YES;
				CLANG_WARN_OBJC_LITERAL_CONVERSION = YES;
				CLANG_WARN_OBJC_ROOT_CLASS = YES_ERROR;
				CLANG_WARN_QUOTED_INCLUDE_IN_FRAMEWORK_HEADER = YES;
				CLANG_WARN_RANGE_LOOP_ANALYSIS = YES;
				CLANG_WARN_STRICT_PROTOTYPES = YES;
				CLANG_WARN_SUSPICIOUS_MOVE = YES;
				CLANG_WARN_UNGUARDED_AVAILABILITY = YES_AGGRESSIVE;
				CLANG_WARN_UNREACHABLE_CODE = YES;
				CLANG_WARN__DUPLICATE_METHOD_MATCH = YES;
				COPY_PHASE_STRIP = NO;
				DEBUG_INFORMATION_FORMAT = dwarf;
				ENABLE_STRICT_OBJC_MSGSEND = YES;
				ENABLE_TESTABILITY = YES;
				GCC_C_LANGUAGE_STANDARD = gnu11;
				GCC_DYNAMIC_NO_PIC = NO;
				GCC_NO_COMMON_BLOCKS = YES;
				GCC_OPTIMIZATION_LEVEL = 0;
				GCC_PREPROCESSOR_DEFINITIONS = (
					"DEBUG=1",
					"$(inherited)",
				);
				GCC_WARN_64_TO_32_BIT_CONVERSION = YES;
				GCC_WARN_ABOUT_RETURN_TYPE = YES_ERROR;
				GCC_WARN_UNDECLARED_SELECTOR = YES;
				GCC_WARN_UNINITIALIZED_AUTOS = YES_AGGRESSIVE;
				GCC_WARN_UNUSED_FUNCTION = YES;
				GCC_WARN_UNUSED_VARIABLE = YES;
				IPHONEOS_DEPLOYMENT_TARGET = 15.5;
				MTL_ENABLE_DEBUG_INFO = INCLUDE_SOURCE;
				MTL_FAST_MATH = YES;
				ONLY_ACTIVE_ARCH = YES;
				SDKROOT = iphoneos;
				SWIFT_ACTIVE_COMPILATION_CONDITIONS = DEBUG;
				SWIFT_OPTIMIZATION_LEVEL = "-Onone";
			};
			name = Debug;
		};
		241A6EBF28BDCD1600C830BE /* Release */ = {
			isa = XCBuildConfiguration;
			buildSettings = {
				ALWAYS_SEARCH_USER_PATHS = NO;
				CLANG_ANALYZER_NONNULL = YES;
				CLANG_ANALYZER_NUMBER_OBJECT_CONVERSION = YES_AGGRESSIVE;
				CLANG_CXX_LANGUAGE_STANDARD = "gnu++17";
				CLANG_ENABLE_MODULES = YES;
				CLANG_ENABLE_OBJC_ARC = YES;
				CLANG_ENABLE_OBJC_WEAK = YES;
				CLANG_WARN_BLOCK_CAPTURE_AUTORELEASING = YES;
				CLANG_WARN_BOOL_CONVERSION = YES;
				CLANG_WARN_COMMA = YES;
				CLANG_WARN_CONSTANT_CONVERSION = YES;
				CLANG_WARN_DEPRECATED_OBJC_IMPLEMENTATIONS = YES;
				CLANG_WARN_DIRECT_OBJC_ISA_USAGE = YES_ERROR;
				CLANG_WARN_DOCUMENTATION_COMMENTS = YES;
				CLANG_WARN_EMPTY_BODY = YES;
				CLANG_WARN_ENUM_CONVERSION = YES;
				CLANG_WARN_INFINITE_RECURSION = YES;
				CLANG_WARN_INT_CONVERSION = YES;
				CLANG_WARN_NON_LITERAL_NULL_CONVERSION = YES;
				CLANG_WARN_OBJC_IMPLICIT_RETAIN_SELF = YES;
				CLANG_WARN_OBJC_LITERAL_CONVERSION = YES;
				CLANG_WARN_OBJC_ROOT_CLASS = YES_ERROR;
				CLANG_WARN_QUOTED_INCLUDE_IN_FRAMEWORK_HEADER = YES;
				CLANG_WARN_RANGE_LOOP_ANALYSIS = YES;
				CLANG_WARN_STRICT_PROTOTYPES = YES;
				CLANG_WARN_SUSPICIOUS_MOVE = YES;
				CLANG_WARN_UNGUARDED_AVAILABILITY = YES_AGGRESSIVE;
				CLANG_WARN_UNREACHABLE_CODE = YES;
				CLANG_WARN__DUPLICATE_METHOD_MATCH = YES;
				COPY_PHASE_STRIP = NO;
				DEBUG_INFORMATION_FORMAT = "dwarf-with-dsym";
				ENABLE_NS_ASSERTIONS = NO;
				ENABLE_STRICT_OBJC_MSGSEND = YES;
				GCC_C_LANGUAGE_STANDARD = gnu11;
				GCC_NO_COMMON_BLOCKS = YES;
				GCC_WARN_64_TO_32_BIT_CONVERSION = YES;
				GCC_WARN_ABOUT_RETURN_TYPE = YES_ERROR;
				GCC_WARN_UNDECLARED_SELECTOR = YES;
				GCC_WARN_UNINITIALIZED_AUTOS = YES_AGGRESSIVE;
				GCC_WARN_UNUSED_FUNCTION = YES;
				GCC_WARN_UNUSED_VARIABLE = YES;
				IPHONEOS_DEPLOYMENT_TARGET = 15.5;
				MTL_ENABLE_DEBUG_INFO = NO;
				MTL_FAST_MATH = YES;
				SDKROOT = iphoneos;
				SWIFT_COMPILATION_MODE = wholemodule;
				SWIFT_OPTIMIZATION_LEVEL = "-O";
				VALIDATE_PRODUCT = YES;
			};
			name = Release;
		};
		241A6EC128BDCD1600C830BE /* Debug */ = {
			isa = XCBuildConfiguration;
			buildSettings = {
				ASSETCATALOG_COMPILER_APPICON_NAME = AppIcon;
				ASSETCATALOG_COMPILER_GLOBAL_ACCENT_COLOR_NAME = AccentColor;
				CODE_SIGN_STYLE = Automatic;
				CURRENT_PROJECT_VERSION = 1;
				DEVELOPMENT_ASSET_PATHS = "\"Sporter/Preview Content\"";
				DEVELOPMENT_TEAM = 977QYQQ6PC;
				ENABLE_PREVIEWS = YES;
				GENERATE_INFOPLIST_FILE = YES;
				INFOPLIST_KEY_NSLocationWhenInUseUsageDescription = "This app need your location show nearby venues.";
				INFOPLIST_KEY_UIApplicationSceneManifest_Generation = YES;
				INFOPLIST_KEY_UIApplicationSupportsIndirectInputEvents = YES;
				INFOPLIST_KEY_UILaunchScreen_Generation = YES;
				INFOPLIST_KEY_UISupportedInterfaceOrientations = "";
				INFOPLIST_KEY_UISupportedInterfaceOrientations_iPad = "UIInterfaceOrientationPortrait UIInterfaceOrientationPortraitUpsideDown UIInterfaceOrientationLandscapeLeft UIInterfaceOrientationLandscapeRight";
				INFOPLIST_KEY_UISupportedInterfaceOrientations_iPhone = "UIInterfaceOrientationPortrait UIInterfaceOrientationLandscapeLeft UIInterfaceOrientationLandscapeRight";
				IPHONEOS_DEPLOYMENT_TARGET = 15.5;
				LD_RUNPATH_SEARCH_PATHS = (
					"$(inherited)",
					"@executable_path/Frameworks",
				);
				MARKETING_VERSION = 1.0;
				PRODUCT_BUNDLE_IDENTIFIER = com.pcminh0505.Sporter;
				PRODUCT_NAME = "$(TARGET_NAME)";
				SWIFT_EMIT_LOC_STRINGS = YES;
				SWIFT_VERSION = 5.0;
				TARGETED_DEVICE_FAMILY = "1,2";
			};
			name = Debug;
		};
		241A6EC228BDCD1600C830BE /* Release */ = {
			isa = XCBuildConfiguration;
			buildSettings = {
				ASSETCATALOG_COMPILER_APPICON_NAME = AppIcon;
				ASSETCATALOG_COMPILER_GLOBAL_ACCENT_COLOR_NAME = AccentColor;
				CODE_SIGN_STYLE = Automatic;
				CURRENT_PROJECT_VERSION = 1;
				DEVELOPMENT_ASSET_PATHS = "\"Sporter/Preview Content\"";
				DEVELOPMENT_TEAM = 977QYQQ6PC;
				ENABLE_PREVIEWS = YES;
				GENERATE_INFOPLIST_FILE = YES;
				INFOPLIST_KEY_NSLocationWhenInUseUsageDescription = "This app need your location show nearby venues.";
				INFOPLIST_KEY_UIApplicationSceneManifest_Generation = YES;
				INFOPLIST_KEY_UIApplicationSupportsIndirectInputEvents = YES;
				INFOPLIST_KEY_UILaunchScreen_Generation = YES;
				INFOPLIST_KEY_UISupportedInterfaceOrientations = "";
				INFOPLIST_KEY_UISupportedInterfaceOrientations_iPad = "UIInterfaceOrientationPortrait UIInterfaceOrientationPortraitUpsideDown UIInterfaceOrientationLandscapeLeft UIInterfaceOrientationLandscapeRight";
				INFOPLIST_KEY_UISupportedInterfaceOrientations_iPhone = "UIInterfaceOrientationPortrait UIInterfaceOrientationLandscapeLeft UIInterfaceOrientationLandscapeRight";
				IPHONEOS_DEPLOYMENT_TARGET = 15.5;
				LD_RUNPATH_SEARCH_PATHS = (
					"$(inherited)",
					"@executable_path/Frameworks",
				);
				MARKETING_VERSION = 1.0;
				PRODUCT_BUNDLE_IDENTIFIER = com.pcminh0505.Sporter;
				PRODUCT_NAME = "$(TARGET_NAME)";
				SWIFT_EMIT_LOC_STRINGS = YES;
				SWIFT_VERSION = 5.0;
				TARGETED_DEVICE_FAMILY = "1,2";
			};
			name = Release;
		};
/* End XCBuildConfiguration section */

/* Begin XCConfigurationList section */
		241A6EA828BDCD1300C830BE /* Build configuration list for PBXProject "Sporter" */ = {
			isa = XCConfigurationList;
			buildConfigurations = (
				241A6EBE28BDCD1600C830BE /* Debug */,
				241A6EBF28BDCD1600C830BE /* Release */,
			);
			defaultConfigurationIsVisible = 0;
			defaultConfigurationName = Release;
		};
		241A6EC028BDCD1600C830BE /* Build configuration list for PBXNativeTarget "Sporter" */ = {
			isa = XCConfigurationList;
			buildConfigurations = (
				241A6EC128BDCD1600C830BE /* Debug */,
				241A6EC228BDCD1600C830BE /* Release */,
			);
			defaultConfigurationIsVisible = 0;
			defaultConfigurationName = Release;
		};
/* End XCConfigurationList section */

/* Begin XCRemoteSwiftPackageReference section */
		241A6ECE28BDD31E00C830BE /* XCRemoteSwiftPackageReference "lottie-ios" */ = {
			isa = XCRemoteSwiftPackageReference;
			repositoryURL = "https://github.com/airbnb/lottie-ios";
			requirement = {
				branch = master;
				kind = branch;
			};
		};
		246B09B428BE0BE8007B7070 /* XCRemoteSwiftPackageReference "firebase-ios-sdk" */ = {
			isa = XCRemoteSwiftPackageReference;
			repositoryURL = "https://github.com/firebase/firebase-ios-sdk";
			requirement = {
				branch = master;
				kind = branch;
			};
		};
/* End XCRemoteSwiftPackageReference section */

/* Begin XCSwiftPackageProductDependency section */
		241A6ECF28BDD31E00C830BE /* Lottie */ = {
			isa = XCSwiftPackageProductDependency;
			package = 241A6ECE28BDD31E00C830BE /* XCRemoteSwiftPackageReference "lottie-ios" */;
			productName = Lottie;
		};
		246B09B528BE0BE8007B7070 /* FirebaseAnalytics */ = {
			isa = XCSwiftPackageProductDependency;
			package = 246B09B428BE0BE8007B7070 /* XCRemoteSwiftPackageReference "firebase-ios-sdk" */;
			productName = FirebaseAnalytics;
		};
		246B09B728BE0BE8007B7070 /* FirebaseAnalyticsOnDeviceConversion */ = {
			isa = XCSwiftPackageProductDependency;
			package = 246B09B428BE0BE8007B7070 /* XCRemoteSwiftPackageReference "firebase-ios-sdk" */;
			productName = FirebaseAnalyticsOnDeviceConversion;
		};
		246B09B928BE0BE8007B7070 /* FirebaseAnalyticsSwift */ = {
			isa = XCSwiftPackageProductDependency;
			package = 246B09B428BE0BE8007B7070 /* XCRemoteSwiftPackageReference "firebase-ios-sdk" */;
			productName = FirebaseAnalyticsSwift;
		};
		246B09BB28BE0BE8007B7070 /* FirebaseAnalyticsWithoutAdIdSupport */ = {
			isa = XCSwiftPackageProductDependency;
			package = 246B09B428BE0BE8007B7070 /* XCRemoteSwiftPackageReference "firebase-ios-sdk" */;
			productName = FirebaseAnalyticsWithoutAdIdSupport;
		};
		246B09BD28BE0BE8007B7070 /* FirebaseAppCheck */ = {
			isa = XCSwiftPackageProductDependency;
			package = 246B09B428BE0BE8007B7070 /* XCRemoteSwiftPackageReference "firebase-ios-sdk" */;
			productName = FirebaseAppCheck;
		};
		246B09BF28BE0BE8007B7070 /* FirebaseAppDistribution-Beta */ = {
			isa = XCSwiftPackageProductDependency;
			package = 246B09B428BE0BE8007B7070 /* XCRemoteSwiftPackageReference "firebase-ios-sdk" */;
			productName = "FirebaseAppDistribution-Beta";
		};
		246B09C128BE0BE8007B7070 /* FirebaseAuth */ = {
			isa = XCSwiftPackageProductDependency;
			package = 246B09B428BE0BE8007B7070 /* XCRemoteSwiftPackageReference "firebase-ios-sdk" */;
			productName = FirebaseAuth;
		};
		246B09C328BE0BE8007B7070 /* FirebaseAuthCombine-Community */ = {
			isa = XCSwiftPackageProductDependency;
			package = 246B09B428BE0BE8007B7070 /* XCRemoteSwiftPackageReference "firebase-ios-sdk" */;
			productName = "FirebaseAuthCombine-Community";
		};
		246B09C528BE0BE8007B7070 /* FirebaseCrashlytics */ = {
			isa = XCSwiftPackageProductDependency;
			package = 246B09B428BE0BE8007B7070 /* XCRemoteSwiftPackageReference "firebase-ios-sdk" */;
			productName = FirebaseCrashlytics;
		};
		246B09C728BE0BE8007B7070 /* FirebaseDatabase */ = {
			isa = XCSwiftPackageProductDependency;
			package = 246B09B428BE0BE8007B7070 /* XCRemoteSwiftPackageReference "firebase-ios-sdk" */;
			productName = FirebaseDatabase;
		};
		246B09C928BE0BE8007B7070 /* FirebaseDatabaseSwift */ = {
			isa = XCSwiftPackageProductDependency;
			package = 246B09B428BE0BE8007B7070 /* XCRemoteSwiftPackageReference "firebase-ios-sdk" */;
			productName = FirebaseDatabaseSwift;
		};
		246B09CB28BE0BE8007B7070 /* FirebaseDynamicLinks */ = {
			isa = XCSwiftPackageProductDependency;
			package = 246B09B428BE0BE8007B7070 /* XCRemoteSwiftPackageReference "firebase-ios-sdk" */;
			productName = FirebaseDynamicLinks;
		};
		246B09CD28BE0BE8007B7070 /* FirebaseFirestore */ = {
			isa = XCSwiftPackageProductDependency;
			package = 246B09B428BE0BE8007B7070 /* XCRemoteSwiftPackageReference "firebase-ios-sdk" */;
			productName = FirebaseFirestore;
		};
		246B09CF28BE0BE8007B7070 /* FirebaseFirestoreCombine-Community */ = {
			isa = XCSwiftPackageProductDependency;
			package = 246B09B428BE0BE8007B7070 /* XCRemoteSwiftPackageReference "firebase-ios-sdk" */;
			productName = "FirebaseFirestoreCombine-Community";
		};
		246B09D128BE0BE8007B7070 /* FirebaseFirestoreSwift */ = {
			isa = XCSwiftPackageProductDependency;
			package = 246B09B428BE0BE8007B7070 /* XCRemoteSwiftPackageReference "firebase-ios-sdk" */;
			productName = FirebaseFirestoreSwift;
		};
		246B09D328BE0BE8007B7070 /* FirebaseFunctions */ = {
			isa = XCSwiftPackageProductDependency;
			package = 246B09B428BE0BE8007B7070 /* XCRemoteSwiftPackageReference "firebase-ios-sdk" */;
			productName = FirebaseFunctions;
		};
		246B09D528BE0BE8007B7070 /* FirebaseFunctionsCombine-Community */ = {
			isa = XCSwiftPackageProductDependency;
			package = 246B09B428BE0BE8007B7070 /* XCRemoteSwiftPackageReference "firebase-ios-sdk" */;
			productName = "FirebaseFunctionsCombine-Community";
		};
		246B09D728BE0BE8007B7070 /* FirebaseInAppMessaging-Beta */ = {
			isa = XCSwiftPackageProductDependency;
			package = 246B09B428BE0BE8007B7070 /* XCRemoteSwiftPackageReference "firebase-ios-sdk" */;
			productName = "FirebaseInAppMessaging-Beta";
		};
		246B09D928BE0BE8007B7070 /* FirebaseInAppMessagingSwift-Beta */ = {
			isa = XCSwiftPackageProductDependency;
			package = 246B09B428BE0BE8007B7070 /* XCRemoteSwiftPackageReference "firebase-ios-sdk" */;
			productName = "FirebaseInAppMessagingSwift-Beta";
		};
		246B09DB28BE0BE8007B7070 /* FirebaseInstallations */ = {
			isa = XCSwiftPackageProductDependency;
			package = 246B09B428BE0BE8007B7070 /* XCRemoteSwiftPackageReference "firebase-ios-sdk" */;
			productName = FirebaseInstallations;
		};
		246B09DD28BE0BE8007B7070 /* FirebaseMLModelDownloader */ = {
			isa = XCSwiftPackageProductDependency;
			package = 246B09B428BE0BE8007B7070 /* XCRemoteSwiftPackageReference "firebase-ios-sdk" */;
			productName = FirebaseMLModelDownloader;
		};
		246B09DF28BE0BE8007B7070 /* FirebaseMessaging */ = {
			isa = XCSwiftPackageProductDependency;
			package = 246B09B428BE0BE8007B7070 /* XCRemoteSwiftPackageReference "firebase-ios-sdk" */;
			productName = FirebaseMessaging;
		};
		246B09E128BE0BE8007B7070 /* FirebasePerformance */ = {
			isa = XCSwiftPackageProductDependency;
			package = 246B09B428BE0BE8007B7070 /* XCRemoteSwiftPackageReference "firebase-ios-sdk" */;
			productName = FirebasePerformance;
		};
		246B09E328BE0BE8007B7070 /* FirebaseRemoteConfig */ = {
			isa = XCSwiftPackageProductDependency;
			package = 246B09B428BE0BE8007B7070 /* XCRemoteSwiftPackageReference "firebase-ios-sdk" */;
			productName = FirebaseRemoteConfig;
		};
		246B09E528BE0BE8007B7070 /* FirebaseRemoteConfigSwift */ = {
			isa = XCSwiftPackageProductDependency;
			package = 246B09B428BE0BE8007B7070 /* XCRemoteSwiftPackageReference "firebase-ios-sdk" */;
			productName = FirebaseRemoteConfigSwift;
		};
		246B09E728BE0BE8007B7070 /* FirebaseStorage */ = {
			isa = XCSwiftPackageProductDependency;
			package = 246B09B428BE0BE8007B7070 /* XCRemoteSwiftPackageReference "firebase-ios-sdk" */;
			productName = FirebaseStorage;
		};
		246B09E928BE0BE8007B7070 /* FirebaseStorageCombine-Community */ = {
			isa = XCSwiftPackageProductDependency;
			package = 246B09B428BE0BE8007B7070 /* XCRemoteSwiftPackageReference "firebase-ios-sdk" */;
			productName = "FirebaseStorageCombine-Community";
		};
/* End XCSwiftPackageProductDependency section */
	};
	rootObject = 241A6EA528BDCD1300C830BE /* Project object */;
}
