// !$*UTF8*$!
{
	archiveVersion = 1;
	classes = {
	};
	objectVersion = 55;
	objects = {

/* Begin PBXBuildFile section */
		0C5154DF28C9E9EE00478A89 /* FirebaseAnalytics in Frameworks */ = {isa = PBXBuildFile; productRef = 0C5154DE28C9E9EE00478A89 /* FirebaseAnalytics */; };
		0C5154E128C9E9EE00478A89 /* FirebaseAuth in Frameworks */ = {isa = PBXBuildFile; productRef = 0C5154E028C9E9EE00478A89 /* FirebaseAuth */; };
		0C5154E328C9E9EE00478A89 /* FirebaseDatabase in Frameworks */ = {isa = PBXBuildFile; productRef = 0C5154E228C9E9EE00478A89 /* FirebaseDatabase */; };
		0C5154E528C9E9EE00478A89 /* FirebaseFirestore in Frameworks */ = {isa = PBXBuildFile; productRef = 0C5154E428C9E9EE00478A89 /* FirebaseFirestore */; };
		0C5154E728C9E9EE00478A89 /* FirebaseFunctions in Frameworks */ = {isa = PBXBuildFile; productRef = 0C5154E628C9E9EE00478A89 /* FirebaseFunctions */; };
		0C5154E928C9E9EE00478A89 /* FirebaseMessaging in Frameworks */ = {isa = PBXBuildFile; productRef = 0C5154E828C9E9EE00478A89 /* FirebaseMessaging */; };
		0C5154EB28C9E9EE00478A89 /* FirebaseStorage in Frameworks */ = {isa = PBXBuildFile; productRef = 0C5154EA28C9E9EE00478A89 /* FirebaseStorage */; };
		0C5154EE28C9EAAC00478A89 /* FirebaseAnalyticsSwift in Frameworks */ = {isa = PBXBuildFile; productRef = 0C5154ED28C9EAAC00478A89 /* FirebaseAnalyticsSwift */; };
		0C5154F028C9EAAC00478A89 /* FirebaseDatabaseSwift in Frameworks */ = {isa = PBXBuildFile; productRef = 0C5154EF28C9EAAC00478A89 /* FirebaseDatabaseSwift */; };
		0C5154F228C9EAAC00478A89 /* FirebaseFirestoreSwift in Frameworks */ = {isa = PBXBuildFile; productRef = 0C5154F128C9EAAC00478A89 /* FirebaseFirestoreSwift */; };
		0C8FF7FA28C4E10D0094465D /* VenueModel.swift in Sources */ = {isa = PBXBuildFile; fileRef = 0C8FF7F928C4E10D0094465D /* VenueModel.swift */; };
		0CAF6B4628C84A59003EFF26 /* CustomMapAnnotationView.swift in Sources */ = {isa = PBXBuildFile; fileRef = 0CAF6B4528C84A59003EFF26 /* CustomMapAnnotationView.swift */; };
		0CAF6B4828C87716003EFF26 /* VenueDetailView.swift in Sources */ = {isa = PBXBuildFile; fileRef = 0CAF6B4728C87715003EFF26 /* VenueDetailView.swift */; };
		0CD0DF5028CF2FE600351711 /* StarRating.swift in Sources */ = {isa = PBXBuildFile; fileRef = 0CD0DF4F28CF2FE600351711 /* StarRating.swift */; };
		0CD0DF5228CF3E8500351711 /* EventModel.swift in Sources */ = {isa = PBXBuildFile; fileRef = 0CD0DF5128CF3E8500351711 /* EventModel.swift */; };
		0CD0DF5428CF420E00351711 /* EventRepository.swift in Sources */ = {isa = PBXBuildFile; fileRef = 0CD0DF5328CF420E00351711 /* EventRepository.swift */; };
		0CE4BDFB28CB97FC00CBFF37 /* GlowBorder.swift in Sources */ = {isa = PBXBuildFile; fileRef = 0CE4BDFA28CB97FC00CBFF37 /* GlowBorder.swift */; };
		0CE4BDFD28CBBACB00CBFF37 /* BackNavigateButton.swift in Sources */ = {isa = PBXBuildFile; fileRef = 0CE4BDFC28CBBACB00CBFF37 /* BackNavigateButton.swift */; };
		0EF3B15E28CF5B5300627E11 /* NewEventForm.swift in Sources */ = {isa = PBXBuildFile; fileRef = 0EF3B15D28CF5B5300627E11 /* NewEventForm.swift */; };
		241A38C528CEF2D500B19E59 /* ProfileViewModel.swift in Sources */ = {isa = PBXBuildFile; fileRef = 241A38C428CEF2D500B19E59 /* ProfileViewModel.swift */; };
		241A38C828CF0D5800B19E59 /* SquareButton.swift in Sources */ = {isa = PBXBuildFile; fileRef = 241A38C728CF0D5800B19E59 /* SquareButton.swift */; };
		241A6EB128BDCD1300C830BE /* SporterApp.swift in Sources */ = {isa = PBXBuildFile; fileRef = 241A6EB028BDCD1300C830BE /* SporterApp.swift */; };
		241A6EB528BDCD1600C830BE /* Assets.xcassets in Resources */ = {isa = PBXBuildFile; fileRef = 241A6EB428BDCD1600C830BE /* Assets.xcassets */; };
		241A6EB828BDCD1600C830BE /* Preview Assets.xcassets in Resources */ = {isa = PBXBuildFile; fileRef = 241A6EB728BDCD1600C830BE /* Preview Assets.xcassets */; };
		241A6ECD28BDD12A00C830BE /* Lottie.swift in Sources */ = {isa = PBXBuildFile; fileRef = 241A6ECC28BDD12A00C830BE /* Lottie.swift */; };
		241A6ED028BDD31E00C830BE /* Lottie in Frameworks */ = {isa = PBXBuildFile; productRef = 241A6ECF28BDD31E00C830BE /* Lottie */; };
		241A6F0B28BDFDA400C830BE /* CheckView.swift in Sources */ = {isa = PBXBuildFile; fileRef = 241A6F0A28BDFDA400C830BE /* CheckView.swift */; };
		241CEB2A28C751300017CD72 /* sporter.json in Resources */ = {isa = PBXBuildFile; fileRef = 241CEB2928C751300017CD72 /* sporter.json */; };
		24282C1A28BE032C00CDFE61 /* GoogleService-Info.plist in Resources */ = {isa = PBXBuildFile; fileRef = 24282C1928BE032C00CDFE61 /* GoogleService-Info.plist */; };
		246B09ED28BE17C6007B7070 /* UserRepository.swift in Sources */ = {isa = PBXBuildFile; fileRef = 246B09EC28BE17C6007B7070 /* UserRepository.swift */; };
		246B09EF28BE17DC007B7070 /* VenueRepository.swift in Sources */ = {isa = PBXBuildFile; fileRef = 246B09EE28BE17DC007B7070 /* VenueRepository.swift */; };
		246B09F328BE1847007B7070 /* UserModel.swift in Sources */ = {isa = PBXBuildFile; fileRef = 246B09F228BE1847007B7070 /* UserModel.swift */; };
		246B09F728BFB9EA007B7070 /* LaunchView.swift in Sources */ = {isa = PBXBuildFile; fileRef = 246B09F628BFB9E9007B7070 /* LaunchView.swift */; };
		246B09FB28BFBACA007B7070 /* MapView.swift in Sources */ = {isa = PBXBuildFile; fileRef = 246B09FA28BFBACA007B7070 /* MapView.swift */; };
		246B09FF28BFBC1E007B7070 /* Color.swift in Sources */ = {isa = PBXBuildFile; fileRef = 246B09FE28BFBC1E007B7070 /* Color.swift */; };
		2489E39428C85C0100642E54 /* DiscoveryView.swift in Sources */ = {isa = PBXBuildFile; fileRef = 2489E39328C85C0100642E54 /* DiscoveryView.swift */; };
		2489E39628C85C0700642E54 /* StackCardView.swift in Sources */ = {isa = PBXBuildFile; fileRef = 2489E39528C85C0600642E54 /* StackCardView.swift */; };
		2493A5CB28C8658C0055F8D2 /* MapViewModel.swift in Sources */ = {isa = PBXBuildFile; fileRef = 2493A5C828C8658C0055F8D2 /* MapViewModel.swift */; };
		2493A5CC28C8658C0055F8D2 /* DiscoveryViewModel.swift in Sources */ = {isa = PBXBuildFile; fileRef = 2493A5C928C8658C0055F8D2 /* DiscoveryViewModel.swift */; };
		2493A5CD28C8658C0055F8D2 /* VenueViewModel.swift in Sources */ = {isa = PBXBuildFile; fileRef = 2493A5CA28C8658C0055F8D2 /* VenueViewModel.swift */; };
		24996E6D28CCA1E2000E8623 /* ImagePicker.swift in Sources */ = {isa = PBXBuildFile; fileRef = 24996E6C28CCA1E2000E8623 /* ImagePicker.swift */; };
		24996E6F28CCC97B000E8623 /* StorageManager.swift in Sources */ = {isa = PBXBuildFile; fileRef = 24996E6E28CCC97B000E8623 /* StorageManager.swift */; };
		24996E7128CDD336000E8623 /* HomeViewModel.swift in Sources */ = {isa = PBXBuildFile; fileRef = 24996E7028CDD336000E8623 /* HomeViewModel.swift */; };
		24996E7628CE336A000E8623 /* InputTextBox.swift in Sources */ = {isa = PBXBuildFile; fileRef = 24996E7528CE336A000E8623 /* InputTextBox.swift */; };
		24A676FA28CB237F00A7BA9D /* String.swift in Sources */ = {isa = PBXBuildFile; fileRef = 24A676F928CB237F00A7BA9D /* String.swift */; };
		24A676FD28CB29BB00A7BA9D /* ErrorView.swift in Sources */ = {isa = PBXBuildFile; fileRef = 24A676FC28CB29BB00A7BA9D /* ErrorView.swift */; };
		24A676FF28CB2BDA00A7BA9D /* LoginView.swift in Sources */ = {isa = PBXBuildFile; fileRef = 24A676FE28CB2BDA00A7BA9D /* LoginView.swift */; };
		24A6770128CB2C4F00A7BA9D /* SignUpView.swift in Sources */ = {isa = PBXBuildFile; fileRef = 24A6770028CB2C4F00A7BA9D /* SignUpView.swift */; };
		24A6770828CB54A500A7BA9D /* Navigation.swift in Sources */ = {isa = PBXBuildFile; fileRef = 24A6770728CB54A500A7BA9D /* Navigation.swift */; };
		24A6770A28CB579500A7BA9D /* HomeView.swift in Sources */ = {isa = PBXBuildFile; fileRef = 24A6770928CB579500A7BA9D /* HomeView.swift */; };
		24A6770D28CB6A5F00A7BA9D /* CustomTabBarContainerView.swift in Sources */ = {isa = PBXBuildFile; fileRef = 24A6770C28CB6A5F00A7BA9D /* CustomTabBarContainerView.swift */; };
		24A6770F28CB6B3700A7BA9D /* TabBarItem.swift in Sources */ = {isa = PBXBuildFile; fileRef = 24A6770E28CB6B3700A7BA9D /* TabBarItem.swift */; };
		24A6771128CB6BC100A7BA9D /* TabBarItemsPreferenceKey.swift in Sources */ = {isa = PBXBuildFile; fileRef = 24A6771028CB6BC100A7BA9D /* TabBarItemsPreferenceKey.swift */; };
		24A6771328CB6C1300A7BA9D /* CustomTabBarView.swift in Sources */ = {isa = PBXBuildFile; fileRef = 24A6771228CB6C1300A7BA9D /* CustomTabBarView.swift */; };
		24A6771528CB6F5D00A7BA9D /* ProfileView.swift in Sources */ = {isa = PBXBuildFile; fileRef = 24A6771428CB6F5D00A7BA9D /* ProfileView.swift */; };
		24A6771728CB6FF100A7BA9D /* DashboardView.swift in Sources */ = {isa = PBXBuildFile; fileRef = 24A6771628CB6FF100A7BA9D /* DashboardView.swift */; };
		24A6771928CB715F00A7BA9D /* ChatView.swift in Sources */ = {isa = PBXBuildFile; fileRef = 24A6771828CB715F00A7BA9D /* ChatView.swift */; };
/* End PBXBuildFile section */

/* Begin PBXFileReference section */
		0C8FF7F928C4E10D0094465D /* VenueModel.swift */ = {isa = PBXFileReference; lastKnownFileType = sourcecode.swift; path = VenueModel.swift; sourceTree = "<group>"; };
		0CAF6B4528C84A59003EFF26 /* CustomMapAnnotationView.swift */ = {isa = PBXFileReference; lastKnownFileType = sourcecode.swift; path = CustomMapAnnotationView.swift; sourceTree = "<group>"; };
		0CAF6B4728C87715003EFF26 /* VenueDetailView.swift */ = {isa = PBXFileReference; lastKnownFileType = sourcecode.swift; path = VenueDetailView.swift; sourceTree = "<group>"; };
		0CD0DF4F28CF2FE600351711 /* StarRating.swift */ = {isa = PBXFileReference; lastKnownFileType = sourcecode.swift; path = StarRating.swift; sourceTree = "<group>"; };
		0CD0DF5128CF3E8500351711 /* EventModel.swift */ = {isa = PBXFileReference; lastKnownFileType = sourcecode.swift; path = EventModel.swift; sourceTree = "<group>"; };
		0CD0DF5328CF420E00351711 /* EventRepository.swift */ = {isa = PBXFileReference; lastKnownFileType = sourcecode.swift; path = EventRepository.swift; sourceTree = "<group>"; };
		0CE4BDFA28CB97FC00CBFF37 /* GlowBorder.swift */ = {isa = PBXFileReference; fileEncoding = 4; lastKnownFileType = sourcecode.swift; path = GlowBorder.swift; sourceTree = "<group>"; };
		0CE4BDFC28CBBACB00CBFF37 /* BackNavigateButton.swift */ = {isa = PBXFileReference; lastKnownFileType = sourcecode.swift; path = BackNavigateButton.swift; sourceTree = "<group>"; };
		0EF3B15D28CF5B5300627E11 /* NewEventForm.swift */ = {isa = PBXFileReference; lastKnownFileType = sourcecode.swift; path = NewEventForm.swift; sourceTree = "<group>"; };
		241A38C428CEF2D500B19E59 /* ProfileViewModel.swift */ = {isa = PBXFileReference; lastKnownFileType = sourcecode.swift; path = ProfileViewModel.swift; sourceTree = "<group>"; };
		241A38C728CF0D5800B19E59 /* SquareButton.swift */ = {isa = PBXFileReference; lastKnownFileType = sourcecode.swift; path = SquareButton.swift; sourceTree = "<group>"; };
		241A6EAD28BDCD1300C830BE /* Sporter.app */ = {isa = PBXFileReference; explicitFileType = wrapper.application; includeInIndex = 0; path = Sporter.app; sourceTree = BUILT_PRODUCTS_DIR; };
		241A6EB028BDCD1300C830BE /* SporterApp.swift */ = {isa = PBXFileReference; lastKnownFileType = sourcecode.swift; path = SporterApp.swift; sourceTree = "<group>"; };
		241A6EB428BDCD1600C830BE /* Assets.xcassets */ = {isa = PBXFileReference; lastKnownFileType = folder.assetcatalog; path = Assets.xcassets; sourceTree = "<group>"; };
		241A6EB728BDCD1600C830BE /* Preview Assets.xcassets */ = {isa = PBXFileReference; lastKnownFileType = folder.assetcatalog; path = "Preview Assets.xcassets"; sourceTree = "<group>"; };
		241A6ECC28BDD12A00C830BE /* Lottie.swift */ = {isa = PBXFileReference; lastKnownFileType = sourcecode.swift; path = Lottie.swift; sourceTree = "<group>"; };
		241A6F0A28BDFDA400C830BE /* CheckView.swift */ = {isa = PBXFileReference; lastKnownFileType = sourcecode.swift; path = CheckView.swift; sourceTree = "<group>"; };
		241CEB2928C751300017CD72 /* sporter.json */ = {isa = PBXFileReference; fileEncoding = 4; lastKnownFileType = text.json; path = sporter.json; sourceTree = "<group>"; };
		24282C1928BE032C00CDFE61 /* GoogleService-Info.plist */ = {isa = PBXFileReference; fileEncoding = 4; lastKnownFileType = text.plist.xml; path = "GoogleService-Info.plist"; sourceTree = "<group>"; };
		246B09EC28BE17C6007B7070 /* UserRepository.swift */ = {isa = PBXFileReference; lastKnownFileType = sourcecode.swift; path = UserRepository.swift; sourceTree = "<group>"; };
		246B09EE28BE17DC007B7070 /* VenueRepository.swift */ = {isa = PBXFileReference; lastKnownFileType = sourcecode.swift; path = VenueRepository.swift; sourceTree = "<group>"; };
		246B09F228BE1847007B7070 /* UserModel.swift */ = {isa = PBXFileReference; lastKnownFileType = sourcecode.swift; path = UserModel.swift; sourceTree = "<group>"; };
		246B09F628BFB9E9007B7070 /* LaunchView.swift */ = {isa = PBXFileReference; lastKnownFileType = sourcecode.swift; path = LaunchView.swift; sourceTree = "<group>"; };
		246B09FA28BFBACA007B7070 /* MapView.swift */ = {isa = PBXFileReference; lastKnownFileType = sourcecode.swift; path = MapView.swift; sourceTree = "<group>"; };
		246B09FE28BFBC1E007B7070 /* Color.swift */ = {isa = PBXFileReference; lastKnownFileType = sourcecode.swift; path = Color.swift; sourceTree = "<group>"; };
		2489E39328C85C0100642E54 /* DiscoveryView.swift */ = {isa = PBXFileReference; fileEncoding = 4; lastKnownFileType = sourcecode.swift; path = DiscoveryView.swift; sourceTree = "<group>"; };
		2489E39528C85C0600642E54 /* StackCardView.swift */ = {isa = PBXFileReference; fileEncoding = 4; lastKnownFileType = sourcecode.swift; path = StackCardView.swift; sourceTree = "<group>"; };
		2493A5C828C8658C0055F8D2 /* MapViewModel.swift */ = {isa = PBXFileReference; fileEncoding = 4; lastKnownFileType = sourcecode.swift; path = MapViewModel.swift; sourceTree = "<group>"; };
		2493A5C928C8658C0055F8D2 /* DiscoveryViewModel.swift */ = {isa = PBXFileReference; fileEncoding = 4; lastKnownFileType = sourcecode.swift; path = DiscoveryViewModel.swift; sourceTree = "<group>"; };
		2493A5CA28C8658C0055F8D2 /* VenueViewModel.swift */ = {isa = PBXFileReference; fileEncoding = 4; lastKnownFileType = sourcecode.swift; path = VenueViewModel.swift; sourceTree = "<group>"; };
		24996E6C28CCA1E2000E8623 /* ImagePicker.swift */ = {isa = PBXFileReference; lastKnownFileType = sourcecode.swift; path = ImagePicker.swift; sourceTree = "<group>"; };
		24996E6E28CCC97B000E8623 /* StorageManager.swift */ = {isa = PBXFileReference; lastKnownFileType = sourcecode.swift; path = StorageManager.swift; sourceTree = "<group>"; };
		24996E7028CDD336000E8623 /* HomeViewModel.swift */ = {isa = PBXFileReference; lastKnownFileType = sourcecode.swift; path = HomeViewModel.swift; sourceTree = "<group>"; };
		24996E7528CE336A000E8623 /* InputTextBox.swift */ = {isa = PBXFileReference; lastKnownFileType = sourcecode.swift; path = InputTextBox.swift; sourceTree = "<group>"; };
		24A676F928CB237F00A7BA9D /* String.swift */ = {isa = PBXFileReference; lastKnownFileType = sourcecode.swift; path = String.swift; sourceTree = "<group>"; };
		24A676FC28CB29BB00A7BA9D /* ErrorView.swift */ = {isa = PBXFileReference; lastKnownFileType = sourcecode.swift; path = ErrorView.swift; sourceTree = "<group>"; };
		24A676FE28CB2BDA00A7BA9D /* LoginView.swift */ = {isa = PBXFileReference; lastKnownFileType = sourcecode.swift; path = LoginView.swift; sourceTree = "<group>"; };
		24A6770028CB2C4F00A7BA9D /* SignUpView.swift */ = {isa = PBXFileReference; lastKnownFileType = sourcecode.swift; path = SignUpView.swift; sourceTree = "<group>"; };
		24A6770728CB54A500A7BA9D /* Navigation.swift */ = {isa = PBXFileReference; lastKnownFileType = sourcecode.swift; path = Navigation.swift; sourceTree = "<group>"; };
		24A6770928CB579500A7BA9D /* HomeView.swift */ = {isa = PBXFileReference; lastKnownFileType = sourcecode.swift; path = HomeView.swift; sourceTree = "<group>"; };
		24A6770C28CB6A5F00A7BA9D /* CustomTabBarContainerView.swift */ = {isa = PBXFileReference; lastKnownFileType = sourcecode.swift; path = CustomTabBarContainerView.swift; sourceTree = "<group>"; };
		24A6770E28CB6B3700A7BA9D /* TabBarItem.swift */ = {isa = PBXFileReference; lastKnownFileType = sourcecode.swift; path = TabBarItem.swift; sourceTree = "<group>"; };
		24A6771028CB6BC100A7BA9D /* TabBarItemsPreferenceKey.swift */ = {isa = PBXFileReference; lastKnownFileType = sourcecode.swift; path = TabBarItemsPreferenceKey.swift; sourceTree = "<group>"; };
		24A6771228CB6C1300A7BA9D /* CustomTabBarView.swift */ = {isa = PBXFileReference; lastKnownFileType = sourcecode.swift; path = CustomTabBarView.swift; sourceTree = "<group>"; };
		24A6771428CB6F5D00A7BA9D /* ProfileView.swift */ = {isa = PBXFileReference; lastKnownFileType = sourcecode.swift; path = ProfileView.swift; sourceTree = "<group>"; };
		24A6771628CB6FF100A7BA9D /* DashboardView.swift */ = {isa = PBXFileReference; lastKnownFileType = sourcecode.swift; path = DashboardView.swift; sourceTree = "<group>"; };
		24A6771828CB715F00A7BA9D /* ChatView.swift */ = {isa = PBXFileReference; lastKnownFileType = sourcecode.swift; path = ChatView.swift; sourceTree = "<group>"; };
/* End PBXFileReference section */

/* Begin PBXFrameworksBuildPhase section */
		241A6EAA28BDCD1300C830BE /* Frameworks */ = {
			isa = PBXFrameworksBuildPhase;
			buildActionMask = 2147483647;
			files = (
				0C5154F028C9EAAC00478A89 /* FirebaseDatabaseSwift in Frameworks */,
				0C5154EE28C9EAAC00478A89 /* FirebaseAnalyticsSwift in Frameworks */,
				0C5154DF28C9E9EE00478A89 /* FirebaseAnalytics in Frameworks */,
				0C5154E128C9E9EE00478A89 /* FirebaseAuth in Frameworks */,
				0C5154E928C9E9EE00478A89 /* FirebaseMessaging in Frameworks */,
				0C5154F228C9EAAC00478A89 /* FirebaseFirestoreSwift in Frameworks */,
				0C5154E328C9E9EE00478A89 /* FirebaseDatabase in Frameworks */,
				0C5154E728C9E9EE00478A89 /* FirebaseFunctions in Frameworks */,
				0C5154EB28C9E9EE00478A89 /* FirebaseStorage in Frameworks */,
				0C5154E528C9E9EE00478A89 /* FirebaseFirestore in Frameworks */,
				241A6ED028BDD31E00C830BE /* Lottie in Frameworks */,
			);
			runOnlyForDeploymentPostprocessing = 0;
		};
/* End PBXFrameworksBuildPhase section */

/* Begin PBXGroup section */
		0C5154EC28C9EAAC00478A89 /* Frameworks */ = {
			isa = PBXGroup;
			children = (
			);
			name = Frameworks;
			sourceTree = "<group>";
		};
		0CAF6B4428C84A3D003EFF26 /* MapView */ = {
			isa = PBXGroup;
			children = (
				0CAF6B4528C84A59003EFF26 /* CustomMapAnnotationView.swift */,
				0CAF6B4728C87715003EFF26 /* VenueDetailView.swift */,
				0CE4BDFC28CBBACB00CBFF37 /* BackNavigateButton.swift */,
				0CD0DF4F28CF2FE600351711 /* StarRating.swift */,
			);
			path = MapView;
			sourceTree = "<group>";
		};
		0EF3B15F28CF759B00627E11 /* NewEventForm */ = {
			isa = PBXGroup;
			children = (
				0EF3B15D28CF5B5300627E11 /* NewEventForm.swift */,
			);
			path = NewEventForm;
			sourceTree = "<group>";
		};
		241A38C628CF0D4400B19E59 /* SquareButton */ = {
			isa = PBXGroup;
			children = (
				241A38C728CF0D5800B19E59 /* SquareButton.swift */,
			);
			path = SquareButton;
			sourceTree = "<group>";
		};
		241A6EA428BDCD1300C830BE = {
			isa = PBXGroup;
			children = (
				241A6EAF28BDCD1300C830BE /* Sporter */,
				241A6EAE28BDCD1300C830BE /* Products */,
				0C5154EC28C9EAAC00478A89 /* Frameworks */,
			);
			sourceTree = "<group>";
		};
		241A6EAE28BDCD1300C830BE /* Products */ = {
			isa = PBXGroup;
			children = (
				241A6EAD28BDCD1300C830BE /* Sporter.app */,
			);
			name = Products;
			sourceTree = "<group>";
		};
		241A6EAF28BDCD1300C830BE /* Sporter */ = {
			isa = PBXGroup;
			children = (
				24282C1928BE032C00CDFE61 /* GoogleService-Info.plist */,
				241A6EB028BDCD1300C830BE /* SporterApp.swift */,
				241A6EB428BDCD1600C830BE /* Assets.xcassets */,
				241A6EC428BDCFAF00C830BE /* Components */,
				246B09F528BE1B52007B7070 /* Extensions */,
				246B09F428BE1939007B7070 /* MVVM */,
				241A6EB628BDCD1600C830BE /* Preview Content */,
				246B09EB28BE1726007B7070 /* Repositories */,
				24A6770628CB549200A7BA9D /* Utils */,
			);
			path = Sporter;
			sourceTree = "<group>";
		};
		241A6EB628BDCD1600C830BE /* Preview Content */ = {
			isa = PBXGroup;
			children = (
				241A6EB728BDCD1600C830BE /* Preview Assets.xcassets */,
			);
			path = "Preview Content";
			sourceTree = "<group>";
		};
		241A6EC428BDCFAF00C830BE /* Components */ = {
			isa = PBXGroup;
			children = (
				241A38C628CF0D4400B19E59 /* SquareButton */,
				24996E7428CE3359000E8623 /* InputTextBox */,
				24996E6B28CCA1D5000E8623 /* ImagePicker */,
				24A6770B28CB6A4D00A7BA9D /* CustomeTabBar */,
				241A6ECA28BDD0FD00C830BE /* Lottie */,
				0CAF6B4428C84A3D003EFF26 /* MapView */,
				0EF3B15F28CF759B00627E11 /* NewEventForm */,
				24A6770428CB530C00A7BA9D /* StackCards */,
			);
			path = Components;
			sourceTree = "<group>";
		};
		241A6EC528BDCFC500C830BE /* Views */ = {
			isa = PBXGroup;
			children = (
				24A676FB28CB298900A7BA9D /* AuthViews */,
				24A6771828CB715F00A7BA9D /* ChatView.swift */,
				241A6F0A28BDFDA400C830BE /* CheckView.swift */,
				24A6771628CB6FF100A7BA9D /* DashboardView.swift */,
				2489E39328C85C0100642E54 /* DiscoveryView.swift */,
				24A6770928CB579500A7BA9D /* HomeView.swift */,
				246B09F628BFB9E9007B7070 /* LaunchView.swift */,
				246B09FA28BFBACA007B7070 /* MapView.swift */,
				24A6771428CB6F5D00A7BA9D /* ProfileView.swift */,
			);
			path = Views;
			sourceTree = "<group>";
		};
		241A6EC628BDCFD200C830BE /* Models */ = {
			isa = PBXGroup;
			children = (
				246B09F228BE1847007B7070 /* UserModel.swift */,
				0C8FF7F928C4E10D0094465D /* VenueModel.swift */,
				0CD0DF5128CF3E8500351711 /* EventModel.swift */,
			);
			path = Models;
			sourceTree = "<group>";
		};
		241A6ECA28BDD0FD00C830BE /* Lottie */ = {
			isa = PBXGroup;
			children = (
				241CEB2928C751300017CD72 /* sporter.json */,
				241A6ECC28BDD12A00C830BE /* Lottie.swift */,
			);
			path = Lottie;
			sourceTree = "<group>";
		};
		246B09EB28BE1726007B7070 /* Repositories */ = {
			isa = PBXGroup;
			children = (
				246B09EC28BE17C6007B7070 /* UserRepository.swift */,
				246B09EE28BE17DC007B7070 /* VenueRepository.swift */,
				24996E6E28CCC97B000E8623 /* StorageManager.swift */,
				0CD0DF5328CF420E00351711 /* EventRepository.swift */,
			);
			path = Repositories;
			sourceTree = "<group>";
		};
		246B09F428BE1939007B7070 /* MVVM */ = {
			isa = PBXGroup;
			children = (
				241A6EC628BDCFD200C830BE /* Models */,
				2493A5C728C865720055F8D2 /* ViewModels */,
				241A6EC528BDCFC500C830BE /* Views */,
			);
			path = MVVM;
			sourceTree = "<group>";
		};
		246B09F528BE1B52007B7070 /* Extensions */ = {
			isa = PBXGroup;
			children = (
				0CE4BDFA28CB97FC00CBFF37 /* GlowBorder.swift */,
				24A676F928CB237F00A7BA9D /* String.swift */,
				246B09FE28BFBC1E007B7070 /* Color.swift */,
			);
			path = Extensions;
			sourceTree = "<group>";
		};
		2493A5C728C865720055F8D2 /* ViewModels */ = {
			isa = PBXGroup;
			children = (
				2493A5C928C8658C0055F8D2 /* DiscoveryViewModel.swift */,
				2493A5C828C8658C0055F8D2 /* MapViewModel.swift */,
				2493A5CA28C8658C0055F8D2 /* VenueViewModel.swift */,
				24996E7028CDD336000E8623 /* HomeViewModel.swift */,
				241A38C428CEF2D500B19E59 /* ProfileViewModel.swift */,
			);
			path = ViewModels;
			sourceTree = "<group>";
		};
		24996E6B28CCA1D5000E8623 /* ImagePicker */ = {
			isa = PBXGroup;
			children = (
				24996E6C28CCA1E2000E8623 /* ImagePicker.swift */,
			);
			path = ImagePicker;
			sourceTree = "<group>";
		};
		24996E7428CE3359000E8623 /* InputTextBox */ = {
			isa = PBXGroup;
			children = (
				24996E7528CE336A000E8623 /* InputTextBox.swift */,
			);
			path = InputTextBox;
			sourceTree = "<group>";
		};
		24A676FB28CB298900A7BA9D /* AuthViews */ = {
			isa = PBXGroup;
			children = (
				24A676FC28CB29BB00A7BA9D /* ErrorView.swift */,
				24A676FE28CB2BDA00A7BA9D /* LoginView.swift */,
				24A6770028CB2C4F00A7BA9D /* SignUpView.swift */,
			);
			path = AuthViews;
			sourceTree = "<group>";
		};
		24A6770428CB530C00A7BA9D /* StackCards */ = {
			isa = PBXGroup;
			children = (
				2489E39528C85C0600642E54 /* StackCardView.swift */,
			);
			path = StackCards;
			sourceTree = "<group>";
		};
		24A6770628CB549200A7BA9D /* Utils */ = {
			isa = PBXGroup;
			children = (
				24A6770728CB54A500A7BA9D /* Navigation.swift */,
			);
			path = Utils;
			sourceTree = "<group>";
		};
		24A6770B28CB6A4D00A7BA9D /* CustomeTabBar */ = {
			isa = PBXGroup;
			children = (
				24A6770C28CB6A5F00A7BA9D /* CustomTabBarContainerView.swift */,
				24A6770E28CB6B3700A7BA9D /* TabBarItem.swift */,
				24A6771028CB6BC100A7BA9D /* TabBarItemsPreferenceKey.swift */,
				24A6771228CB6C1300A7BA9D /* CustomTabBarView.swift */,
			);
			path = CustomeTabBar;
			sourceTree = "<group>";
		};
/* End PBXGroup section */

/* Begin PBXNativeTarget section */
		241A6EAC28BDCD1300C830BE /* Sporter */ = {
			isa = PBXNativeTarget;
			buildConfigurationList = 241A6EC028BDCD1600C830BE /* Build configuration list for PBXNativeTarget "Sporter" */;
			buildPhases = (
				241A6EA928BDCD1300C830BE /* Sources */,
				241A6EAA28BDCD1300C830BE /* Frameworks */,
				241A6EAB28BDCD1300C830BE /* Resources */,
			);
			buildRules = (
			);
			dependencies = (
			);
			name = Sporter;
			packageProductDependencies = (
				241A6ECF28BDD31E00C830BE /* Lottie */,
				0C5154DE28C9E9EE00478A89 /* FirebaseAnalytics */,
				0C5154E028C9E9EE00478A89 /* FirebaseAuth */,
				0C5154E228C9E9EE00478A89 /* FirebaseDatabase */,
				0C5154E428C9E9EE00478A89 /* FirebaseFirestore */,
				0C5154E628C9E9EE00478A89 /* FirebaseFunctions */,
				0C5154E828C9E9EE00478A89 /* FirebaseMessaging */,
				0C5154EA28C9E9EE00478A89 /* FirebaseStorage */,
				0C5154ED28C9EAAC00478A89 /* FirebaseAnalyticsSwift */,
				0C5154EF28C9EAAC00478A89 /* FirebaseDatabaseSwift */,
				0C5154F128C9EAAC00478A89 /* FirebaseFirestoreSwift */,
			);
			productName = Sporter;
			productReference = 241A6EAD28BDCD1300C830BE /* Sporter.app */;
			productType = "com.apple.product-type.application";
		};
/* End PBXNativeTarget section */

/* Begin PBXProject section */
		241A6EA528BDCD1300C830BE /* Project object */ = {
			isa = PBXProject;
			attributes = {
				BuildIndependentTargetsInParallel = 1;
				LastSwiftUpdateCheck = 1340;
				LastUpgradeCheck = 1340;
				TargetAttributes = {
					241A6EAC28BDCD1300C830BE = {
						CreatedOnToolsVersion = 13.4.1;
					};
				};
			};
			buildConfigurationList = 241A6EA828BDCD1300C830BE /* Build configuration list for PBXProject "Sporter" */;
			compatibilityVersion = "Xcode 13.0";
			developmentRegion = en;
			hasScannedForEncodings = 0;
			knownRegions = (
				en,
				Base,
			);
			mainGroup = 241A6EA428BDCD1300C830BE;
			packageReferences = (
				241A6ECE28BDD31E00C830BE /* XCRemoteSwiftPackageReference "lottie-ios" */,
				0C5154DD28C9E9ED00478A89 /* XCRemoteSwiftPackageReference "firebase-ios-sdk" */,
			);
			productRefGroup = 241A6EAE28BDCD1300C830BE /* Products */;
			projectDirPath = "";
			projectRoot = "";
			targets = (
				241A6EAC28BDCD1300C830BE /* Sporter */,
			);
		};
/* End PBXProject section */

/* Begin PBXResourcesBuildPhase section */
		241A6EAB28BDCD1300C830BE /* Resources */ = {
			isa = PBXResourcesBuildPhase;
			buildActionMask = 2147483647;
			files = (
				241A6EB828BDCD1600C830BE /* Preview Assets.xcassets in Resources */,
				241A6EB528BDCD1600C830BE /* Assets.xcassets in Resources */,
				24282C1A28BE032C00CDFE61 /* GoogleService-Info.plist in Resources */,
				241CEB2A28C751300017CD72 /* sporter.json in Resources */,
			);
			runOnlyForDeploymentPostprocessing = 0;
		};
/* End PBXResourcesBuildPhase section */

/* Begin PBXSourcesBuildPhase section */
		241A6EA928BDCD1300C830BE /* Sources */ = {
			isa = PBXSourcesBuildPhase;
			buildActionMask = 2147483647;
			files = (
				241A38C828CF0D5800B19E59 /* SquareButton.swift in Sources */,
				241A6F0B28BDFDA400C830BE /* CheckView.swift in Sources */,
				0CAF6B4628C84A59003EFF26 /* CustomMapAnnotationView.swift in Sources */,
				0CE4BDFB28CB97FC00CBFF37 /* GlowBorder.swift in Sources */,
				24A676FA28CB237F00A7BA9D /* String.swift in Sources */,
				0EF3B15E28CF5B5300627E11 /* NewEventForm.swift in Sources */,
				24A6770828CB54A500A7BA9D /* Navigation.swift in Sources */,
				24A676FD28CB29BB00A7BA9D /* ErrorView.swift in Sources */,
				24996E7128CDD336000E8623 /* HomeViewModel.swift in Sources */,
				24A6770128CB2C4F00A7BA9D /* SignUpView.swift in Sources */,
				24A6771728CB6FF100A7BA9D /* DashboardView.swift in Sources */,
				24A6771328CB6C1300A7BA9D /* CustomTabBarView.swift in Sources */,
				24A6770A28CB579500A7BA9D /* HomeView.swift in Sources */,
				24996E7628CE336A000E8623 /* InputTextBox.swift in Sources */,
				246B09F728BFB9EA007B7070 /* LaunchView.swift in Sources */,
				2493A5CC28C8658C0055F8D2 /* DiscoveryViewModel.swift in Sources */,
				246B09FB28BFBACA007B7070 /* MapView.swift in Sources */,
				0C8FF7FA28C4E10D0094465D /* VenueModel.swift in Sources */,
				24A6770D28CB6A5F00A7BA9D /* CustomTabBarContainerView.swift in Sources */,
				24A676FF28CB2BDA00A7BA9D /* LoginView.swift in Sources */,
				0CE4BDFD28CBBACB00CBFF37 /* BackNavigateButton.swift in Sources */,
				24996E6F28CCC97B000E8623 /* StorageManager.swift in Sources */,
				2489E39428C85C0100642E54 /* DiscoveryView.swift in Sources */,
				24996E6D28CCA1E2000E8623 /* ImagePicker.swift in Sources */,
				24A6771128CB6BC100A7BA9D /* TabBarItemsPreferenceKey.swift in Sources */,
				2493A5CB28C8658C0055F8D2 /* MapViewModel.swift in Sources */,
				0CAF6B4828C87716003EFF26 /* VenueDetailView.swift in Sources */,
				0CD0DF5028CF2FE600351711 /* StarRating.swift in Sources */,
				24A6771928CB715F00A7BA9D /* ChatView.swift in Sources */,
				241A38C528CEF2D500B19E59 /* ProfileViewModel.swift in Sources */,
				246B09FF28BFBC1E007B7070 /* Color.swift in Sources */,
				2489E39628C85C0700642E54 /* StackCardView.swift in Sources */,
				246B09EF28BE17DC007B7070 /* VenueRepository.swift in Sources */,
				246B09ED28BE17C6007B7070 /* UserRepository.swift in Sources */,
				0CD0DF5428CF420E00351711 /* EventRepository.swift in Sources */,
				241A6EB128BDCD1300C830BE /* SporterApp.swift in Sources */,
				24A6770F28CB6B3700A7BA9D /* TabBarItem.swift in Sources */,
				246B09F328BE1847007B7070 /* UserModel.swift in Sources */,
				24A6771528CB6F5D00A7BA9D /* ProfileView.swift in Sources */,
				2493A5CD28C8658C0055F8D2 /* VenueViewModel.swift in Sources */,
				0CD0DF5228CF3E8500351711 /* EventModel.swift in Sources */,
				241A6ECD28BDD12A00C830BE /* Lottie.swift in Sources */,
			);
			runOnlyForDeploymentPostprocessing = 0;
		};
/* End PBXSourcesBuildPhase section */

/* Begin XCBuildConfiguration section */
		241A6EBE28BDCD1600C830BE /* Debug */ = {
			isa = XCBuildConfiguration;
			buildSettings = {
				ALWAYS_SEARCH_USER_PATHS = NO;
				CLANG_ANALYZER_NONNULL = YES;
				CLANG_ANALYZER_NUMBER_OBJECT_CONVERSION = YES_AGGRESSIVE;
				CLANG_CXX_LANGUAGE_STANDARD = "gnu++17";
				CLANG_ENABLE_MODULES = YES;
				CLANG_ENABLE_OBJC_ARC = YES;
				CLANG_ENABLE_OBJC_WEAK = YES;
				CLANG_WARN_BLOCK_CAPTURE_AUTORELEASING = YES;
				CLANG_WARN_BOOL_CONVERSION = YES;
				CLANG_WARN_COMMA = YES;
				CLANG_WARN_CONSTANT_CONVERSION = YES;
				CLANG_WARN_DEPRECATED_OBJC_IMPLEMENTATIONS = YES;
				CLANG_WARN_DIRECT_OBJC_ISA_USAGE = YES_ERROR;
				CLANG_WARN_DOCUMENTATION_COMMENTS = YES;
				CLANG_WARN_EMPTY_BODY = YES;
				CLANG_WARN_ENUM_CONVERSION = YES;
				CLANG_WARN_INFINITE_RECURSION = YES;
				CLANG_WARN_INT_CONVERSION = YES;
				CLANG_WARN_NON_LITERAL_NULL_CONVERSION = YES;
				CLANG_WARN_OBJC_IMPLICIT_RETAIN_SELF = YES;
				CLANG_WARN_OBJC_LITERAL_CONVERSION = YES;
				CLANG_WARN_OBJC_ROOT_CLASS = YES_ERROR;
				CLANG_WARN_QUOTED_INCLUDE_IN_FRAMEWORK_HEADER = YES;
				CLANG_WARN_RANGE_LOOP_ANALYSIS = YES;
				CLANG_WARN_STRICT_PROTOTYPES = YES;
				CLANG_WARN_SUSPICIOUS_MOVE = YES;
				CLANG_WARN_UNGUARDED_AVAILABILITY = YES_AGGRESSIVE;
				CLANG_WARN_UNREACHABLE_CODE = YES;
				CLANG_WARN__DUPLICATE_METHOD_MATCH = YES;
				COPY_PHASE_STRIP = NO;
				DEBUG_INFORMATION_FORMAT = dwarf;
				ENABLE_STRICT_OBJC_MSGSEND = YES;
				ENABLE_TESTABILITY = YES;
				GCC_C_LANGUAGE_STANDARD = gnu11;
				GCC_DYNAMIC_NO_PIC = NO;
				GCC_NO_COMMON_BLOCKS = YES;
				GCC_OPTIMIZATION_LEVEL = 0;
				GCC_PREPROCESSOR_DEFINITIONS = (
					"DEBUG=1",
					"$(inherited)",
				);
				GCC_WARN_64_TO_32_BIT_CONVERSION = YES;
				GCC_WARN_ABOUT_RETURN_TYPE = YES_ERROR;
				GCC_WARN_UNDECLARED_SELECTOR = YES;
				GCC_WARN_UNINITIALIZED_AUTOS = YES_AGGRESSIVE;
				GCC_WARN_UNUSED_FUNCTION = YES;
				GCC_WARN_UNUSED_VARIABLE = YES;
				IPHONEOS_DEPLOYMENT_TARGET = 15.5;
				MTL_ENABLE_DEBUG_INFO = INCLUDE_SOURCE;
				MTL_FAST_MATH = YES;
				ONLY_ACTIVE_ARCH = YES;
				SDKROOT = iphoneos;
				SWIFT_ACTIVE_COMPILATION_CONDITIONS = DEBUG;
				SWIFT_OPTIMIZATION_LEVEL = "-Onone";
			};
			name = Debug;
		};
		241A6EBF28BDCD1600C830BE /* Release */ = {
			isa = XCBuildConfiguration;
			buildSettings = {
				ALWAYS_SEARCH_USER_PATHS = NO;
				CLANG_ANALYZER_NONNULL = YES;
				CLANG_ANALYZER_NUMBER_OBJECT_CONVERSION = YES_AGGRESSIVE;
				CLANG_CXX_LANGUAGE_STANDARD = "gnu++17";
				CLANG_ENABLE_MODULES = YES;
				CLANG_ENABLE_OBJC_ARC = YES;
				CLANG_ENABLE_OBJC_WEAK = YES;
				CLANG_WARN_BLOCK_CAPTURE_AUTORELEASING = YES;
				CLANG_WARN_BOOL_CONVERSION = YES;
				CLANG_WARN_COMMA = YES;
				CLANG_WARN_CONSTANT_CONVERSION = YES;
				CLANG_WARN_DEPRECATED_OBJC_IMPLEMENTATIONS = YES;
				CLANG_WARN_DIRECT_OBJC_ISA_USAGE = YES_ERROR;
				CLANG_WARN_DOCUMENTATION_COMMENTS = YES;
				CLANG_WARN_EMPTY_BODY = YES;
				CLANG_WARN_ENUM_CONVERSION = YES;
				CLANG_WARN_INFINITE_RECURSION = YES;
				CLANG_WARN_INT_CONVERSION = YES;
				CLANG_WARN_NON_LITERAL_NULL_CONVERSION = YES;
				CLANG_WARN_OBJC_IMPLICIT_RETAIN_SELF = YES;
				CLANG_WARN_OBJC_LITERAL_CONVERSION = YES;
				CLANG_WARN_OBJC_ROOT_CLASS = YES_ERROR;
				CLANG_WARN_QUOTED_INCLUDE_IN_FRAMEWORK_HEADER = YES;
				CLANG_WARN_RANGE_LOOP_ANALYSIS = YES;
				CLANG_WARN_STRICT_PROTOTYPES = YES;
				CLANG_WARN_SUSPICIOUS_MOVE = YES;
				CLANG_WARN_UNGUARDED_AVAILABILITY = YES_AGGRESSIVE;
				CLANG_WARN_UNREACHABLE_CODE = YES;
				CLANG_WARN__DUPLICATE_METHOD_MATCH = YES;
				COPY_PHASE_STRIP = NO;
				DEBUG_INFORMATION_FORMAT = "dwarf-with-dsym";
				ENABLE_NS_ASSERTIONS = NO;
				ENABLE_STRICT_OBJC_MSGSEND = YES;
				GCC_C_LANGUAGE_STANDARD = gnu11;
				GCC_NO_COMMON_BLOCKS = YES;
				GCC_WARN_64_TO_32_BIT_CONVERSION = YES;
				GCC_WARN_ABOUT_RETURN_TYPE = YES_ERROR;
				GCC_WARN_UNDECLARED_SELECTOR = YES;
				GCC_WARN_UNINITIALIZED_AUTOS = YES_AGGRESSIVE;
				GCC_WARN_UNUSED_FUNCTION = YES;
				GCC_WARN_UNUSED_VARIABLE = YES;
				IPHONEOS_DEPLOYMENT_TARGET = 15.5;
				MTL_ENABLE_DEBUG_INFO = NO;
				MTL_FAST_MATH = YES;
				SDKROOT = iphoneos;
				SWIFT_COMPILATION_MODE = wholemodule;
				SWIFT_OPTIMIZATION_LEVEL = "-O";
				VALIDATE_PRODUCT = YES;
			};
			name = Release;
		};
		241A6EC128BDCD1600C830BE /* Debug */ = {
			isa = XCBuildConfiguration;
			buildSettings = {
				ASSETCATALOG_COMPILER_APPICON_NAME = AppIcon;
				ASSETCATALOG_COMPILER_GLOBAL_ACCENT_COLOR_NAME = AccentColor;
				CODE_SIGN_STYLE = Automatic;
				CURRENT_PROJECT_VERSION = 1;
				DEVELOPMENT_ASSET_PATHS = "\"Sporter/Preview Content\"";
				DEVELOPMENT_TEAM = 977QYQQ6PC;
				ENABLE_PREVIEWS = YES;
				GENERATE_INFOPLIST_FILE = YES;
				INFOPLIST_KEY_NSLocationWhenInUseUsageDescription = "This app need your location to show it on the map.";
				INFOPLIST_KEY_UIApplicationSceneManifest_Generation = YES;
				INFOPLIST_KEY_UIApplicationSupportsIndirectInputEvents = YES;
				INFOPLIST_KEY_UILaunchScreen_Generation = YES;
				INFOPLIST_KEY_UISupportedInterfaceOrientations = "";
				INFOPLIST_KEY_UISupportedInterfaceOrientations_iPad = "UIInterfaceOrientationPortrait UIInterfaceOrientationPortraitUpsideDown UIInterfaceOrientationLandscapeLeft UIInterfaceOrientationLandscapeRight";
				INFOPLIST_KEY_UISupportedInterfaceOrientations_iPhone = "UIInterfaceOrientationPortrait UIInterfaceOrientationLandscapeLeft UIInterfaceOrientationLandscapeRight";
				IPHONEOS_DEPLOYMENT_TARGET = 15.5;
				LD_RUNPATH_SEARCH_PATHS = (
					"$(inherited)",
					"@executable_path/Frameworks",
				);
				MARKETING_VERSION = 1.0;
				OTHER_CODE_SIGN_FLAGS = "--generate-entitlement-der";
				"OTHER_CODE_SIGN_FLAGS[sdk=*]" = "--generate-entitlement-der";
				PRODUCT_BUNDLE_IDENTIFIER = com.pcminh0505.Sporter;
				PRODUCT_NAME = "$(TARGET_NAME)";
				SWIFT_EMIT_LOC_STRINGS = YES;
				SWIFT_VERSION = 5.0;
				TARGETED_DEVICE_FAMILY = "1,2";
			};
			name = Debug;
		};
		241A6EC228BDCD1600C830BE /* Release */ = {
			isa = XCBuildConfiguration;
			buildSettings = {
				ASSETCATALOG_COMPILER_APPICON_NAME = AppIcon;
				ASSETCATALOG_COMPILER_GLOBAL_ACCENT_COLOR_NAME = AccentColor;
				CODE_SIGN_STYLE = Automatic;
				CURRENT_PROJECT_VERSION = 1;
				DEVELOPMENT_ASSET_PATHS = "\"Sporter/Preview Content\"";
				DEVELOPMENT_TEAM = 977QYQQ6PC;
				ENABLE_PREVIEWS = YES;
				GENERATE_INFOPLIST_FILE = YES;
				INFOPLIST_KEY_NSLocationWhenInUseUsageDescription = "This app need your location to show it on the map.";
				INFOPLIST_KEY_UIApplicationSceneManifest_Generation = YES;
				INFOPLIST_KEY_UIApplicationSupportsIndirectInputEvents = YES;
				INFOPLIST_KEY_UILaunchScreen_Generation = YES;
				INFOPLIST_KEY_UISupportedInterfaceOrientations = "";
				INFOPLIST_KEY_UISupportedInterfaceOrientations_iPad = "UIInterfaceOrientationPortrait UIInterfaceOrientationPortraitUpsideDown UIInterfaceOrientationLandscapeLeft UIInterfaceOrientationLandscapeRight";
				INFOPLIST_KEY_UISupportedInterfaceOrientations_iPhone = "UIInterfaceOrientationPortrait UIInterfaceOrientationLandscapeLeft UIInterfaceOrientationLandscapeRight";
				IPHONEOS_DEPLOYMENT_TARGET = 15.5;
				LD_RUNPATH_SEARCH_PATHS = (
					"$(inherited)",
					"@executable_path/Frameworks",
				);
				MARKETING_VERSION = 1.0;
				OTHER_CODE_SIGN_FLAGS = "--generate-entitlement-der";
				"OTHER_CODE_SIGN_FLAGS[sdk=*]" = "--generate-entitlement-der";
				PRODUCT_BUNDLE_IDENTIFIER = com.pcminh0505.Sporter;
				PRODUCT_NAME = "$(TARGET_NAME)";
				SWIFT_EMIT_LOC_STRINGS = YES;
				SWIFT_VERSION = 5.0;
				TARGETED_DEVICE_FAMILY = "1,2";
			};
			name = Release;
		};
/* End XCBuildConfiguration section */

/* Begin XCConfigurationList section */
		241A6EA828BDCD1300C830BE /* Build configuration list for PBXProject "Sporter" */ = {
			isa = XCConfigurationList;
			buildConfigurations = (
				241A6EBE28BDCD1600C830BE /* Debug */,
				241A6EBF28BDCD1600C830BE /* Release */,
			);
			defaultConfigurationIsVisible = 0;
			defaultConfigurationName = Release;
		};
		241A6EC028BDCD1600C830BE /* Build configuration list for PBXNativeTarget "Sporter" */ = {
			isa = XCConfigurationList;
			buildConfigurations = (
				241A6EC128BDCD1600C830BE /* Debug */,
				241A6EC228BDCD1600C830BE /* Release */,
			);
			defaultConfigurationIsVisible = 0;
			defaultConfigurationName = Release;
		};
/* End XCConfigurationList section */

/* Begin XCRemoteSwiftPackageReference section */
		0C5154DD28C9E9ED00478A89 /* XCRemoteSwiftPackageReference "firebase-ios-sdk" */ = {
			isa = XCRemoteSwiftPackageReference;
			repositoryURL = "https://github.com/firebase/firebase-ios-sdk";
			requirement = {
				kind = upToNextMajorVersion;
				minimumVersion = 9.0.0;
			};
		};
		241A6ECE28BDD31E00C830BE /* XCRemoteSwiftPackageReference "lottie-ios" */ = {
			isa = XCRemoteSwiftPackageReference;
			repositoryURL = "https://github.com/airbnb/lottie-ios";
			requirement = {
				branch = master;
				kind = branch;
			};
		};
/* End XCRemoteSwiftPackageReference section */

/* Begin XCSwiftPackageProductDependency section */
		0C5154DE28C9E9EE00478A89 /* FirebaseAnalytics */ = {
			isa = XCSwiftPackageProductDependency;
			package = 0C5154DD28C9E9ED00478A89 /* XCRemoteSwiftPackageReference "firebase-ios-sdk" */;
			productName = FirebaseAnalytics;
		};
		0C5154E028C9E9EE00478A89 /* FirebaseAuth */ = {
			isa = XCSwiftPackageProductDependency;
			package = 0C5154DD28C9E9ED00478A89 /* XCRemoteSwiftPackageReference "firebase-ios-sdk" */;
			productName = FirebaseAuth;
		};
		0C5154E228C9E9EE00478A89 /* FirebaseDatabase */ = {
			isa = XCSwiftPackageProductDependency;
			package = 0C5154DD28C9E9ED00478A89 /* XCRemoteSwiftPackageReference "firebase-ios-sdk" */;
			productName = FirebaseDatabase;
		};
		0C5154E428C9E9EE00478A89 /* FirebaseFirestore */ = {
			isa = XCSwiftPackageProductDependency;
			package = 0C5154DD28C9E9ED00478A89 /* XCRemoteSwiftPackageReference "firebase-ios-sdk" */;
			productName = FirebaseFirestore;
		};
		0C5154E628C9E9EE00478A89 /* FirebaseFunctions */ = {
			isa = XCSwiftPackageProductDependency;
			package = 0C5154DD28C9E9ED00478A89 /* XCRemoteSwiftPackageReference "firebase-ios-sdk" */;
			productName = FirebaseFunctions;
		};
		0C5154E828C9E9EE00478A89 /* FirebaseMessaging */ = {
			isa = XCSwiftPackageProductDependency;
			package = 0C5154DD28C9E9ED00478A89 /* XCRemoteSwiftPackageReference "firebase-ios-sdk" */;
			productName = FirebaseMessaging;
		};
		0C5154EA28C9E9EE00478A89 /* FirebaseStorage */ = {
			isa = XCSwiftPackageProductDependency;
			package = 0C5154DD28C9E9ED00478A89 /* XCRemoteSwiftPackageReference "firebase-ios-sdk" */;
			productName = FirebaseStorage;
		};
		0C5154ED28C9EAAC00478A89 /* FirebaseAnalyticsSwift */ = {
			isa = XCSwiftPackageProductDependency;
			package = 0C5154DD28C9E9ED00478A89 /* XCRemoteSwiftPackageReference "firebase-ios-sdk" */;
			productName = FirebaseAnalyticsSwift;
		};
		0C5154EF28C9EAAC00478A89 /* FirebaseDatabaseSwift */ = {
			isa = XCSwiftPackageProductDependency;
			package = 0C5154DD28C9E9ED00478A89 /* XCRemoteSwiftPackageReference "firebase-ios-sdk" */;
			productName = FirebaseDatabaseSwift;
		};
		0C5154F128C9EAAC00478A89 /* FirebaseFirestoreSwift */ = {
			isa = XCSwiftPackageProductDependency;
			package = 0C5154DD28C9E9ED00478A89 /* XCRemoteSwiftPackageReference "firebase-ios-sdk" */;
			productName = FirebaseFirestoreSwift;
		};
		241A6ECF28BDD31E00C830BE /* Lottie */ = {
			isa = XCSwiftPackageProductDependency;
			package = 241A6ECE28BDD31E00C830BE /* XCRemoteSwiftPackageReference "lottie-ios" */;
			productName = Lottie;
		};
/* End XCSwiftPackageProductDependency section */
	};
	rootObject = 241A6EA528BDCD1300C830BE /* Project object */;
}
